
Microsoft Visual Studio Solution File, Format Version 12.00
# Visual Studio Version 17
Project("{2150E333-8FDC-42A3-9474-1A3956D46DE8}") = "CMakePredefinedTargets", "CMakePredefinedTargets", "{AA9AA921-659F-364A-B070-9FC78ECC1D35}"
EndProject
Project("{2150E333-8FDC-42A3-9474-1A3956D46DE8}") = "dependencies", "dependencies", "{44107292-EA8B-3699-8869-E080DDACF4C4}"
EndProject
Project("{8BC9CEB8-8B4A-11D0-8D11-00A0C91BC942}") = "ALL_BUILD", "ALL_BUILD.vcxproj", "{D0707071-9019-3475-9471-C3A37F6348DB}"
	ProjectSection(ProjectDependencies) = postProject
		{1AD4A36C-FC98-32DD-8A3E-461E309A2782} = {1AD4A36C-FC98-32DD-8A3E-461E309A2782}
		{73546284-E3F3-339D-BC9A-39574C8BCDE9} = {73546284-E3F3-339D-BC9A-39574C8BCDE9}
		{3D2DC087-196C-3860-A1B0-C69B7E36E657} = {3D2DC087-196C-3860-A1B0-C69B7E36E657}
		{3B32767E-B389-3B49-986E-A3BE0772E167} = {3B32767E-B389-3B49-986E-A3BE0772E167}
		{F146B7AA-3A74-3B28-B739-D5A03936DE0F} = {F146B7AA-3A74-3B28-B739-D5A03936DE0F}
		{9A60D722-F9FC-36A4-BCC4-2DEF04EB866F} = {9A60D722-F9FC-36A4-BCC4-2DEF04EB866F}
		{4552A1C3-FC29-32AB-B9E5-89D63C16CFDC} = {4552A1C3-FC29-32AB-B9E5-89D63C16CFDC}
		{35E535FD-1CE8-3088-BB40-0E2CBC18FB86} = {35E535FD-1CE8-3088-BB40-0E2CBC18FB86}
		{3F0223B1-6807-3ABF-BFB9-F868D124FDFB} = {3F0223B1-6807-3ABF-BFB9-F868D124FDFB}
		{CF523281-D01D-3796-BF69-81F5AC36EA12} = {CF523281-D01D-3796-BF69-81F5AC36EA12}
		{CBB34D00-FEBB-3109-B444-B3876F7F692D} = {CBB34D00-FEBB-3109-B444-B3876F7F692D}
		{519D7D55-254C-3066-88CE-D55AB71D82CC} = {519D7D55-254C-3066-88CE-D55AB71D82CC}
		{CD53E1AD-06FF-38F1-9260-2B8D16C1028D} = {CD53E1AD-06FF-38F1-9260-2B8D16C1028D}
		{E318A015-EC78-3B31-8785-A0F2F1BD3535} = {E318A015-EC78-3B31-8785-A0F2F1BD3535}
		{F9EFABDD-372B-35C4-A976-C3409481BC1C} = {F9EFABDD-372B-35C4-A976-C3409481BC1C}
		{DEA96C98-0594-3233-824A-CFE7E9FD79E0} = {DEA96C98-0594-3233-824A-CFE7E9FD79E0}
		{E053653C-EE76-3969-8633-844F9F7738BF} = {E053653C-EE76-3969-8633-844F9F7738BF}
		{C1AD4F4D-7FBC-3FB7-B20E-19098713C99D} = {C1AD4F4D-7FBC-3FB7-B20E-19098713C99D}
		{2AF0923F-CA9C-3BB8-8890-03D9F2E34927} = {2AF0923F-CA9C-3BB8-8890-03D9F2E34927}
		{7C91EF3F-9BA8-3101-ACED-5AE41EFE2CDF} = {7C91EF3F-9BA8-3101-ACED-5AE41EFE2CDF}
	EndProjectSection
EndProject
Project("{8BC9CEB8-8B4A-11D0-8D11-00A0C91BC942}") = "CopyIlmBaseLibs", "ext_build\openexr\CopyIlmBaseLibs.vcxproj", "{5591DC42-4F43-3624-9516-5DB750C2D2B1}"
	ProjectSection(ProjectDependencies) = postProject
		{1AD4A36C-FC98-32DD-8A3E-461E309A2782} = {1AD4A36C-FC98-32DD-8A3E-461E309A2782}
		{73546284-E3F3-339D-BC9A-39574C8BCDE9} = {73546284-E3F3-339D-BC9A-39574C8BCDE9}
		{9A60D722-F9FC-36A4-BCC4-2DEF04EB866F} = {9A60D722-F9FC-36A4-BCC4-2DEF04EB866F}
		{4552A1C3-FC29-32AB-B9E5-89D63C16CFDC} = {4552A1C3-FC29-32AB-B9E5-89D63C16CFDC}
		{35E535FD-1CE8-3088-BB40-0E2CBC18FB86} = {35E535FD-1CE8-3088-BB40-0E2CBC18FB86}
	EndProjectSection
EndProject
Project("{8BC9CEB8-8B4A-11D0-8D11-00A0C91BC942}") = "Half", "ext_build\openexr\IlmBase\Half\Half.vcxproj", "{1AD4A36C-FC98-32DD-8A3E-461E309A2782}"
	ProjectSection(ProjectDependencies) = postProject
		{35E535FD-1CE8-3088-BB40-0E2CBC18FB86} = {35E535FD-1CE8-3088-BB40-0E2CBC18FB86}
		{CBB34D00-FEBB-3109-B444-B3876F7F692D} = {CBB34D00-FEBB-3109-B444-B3876F7F692D}
		{C1AD4F4D-7FBC-3FB7-B20E-19098713C99D} = {C1AD4F4D-7FBC-3FB7-B20E-19098713C99D}
	EndProjectSection
EndProject
Project("{8BC9CEB8-8B4A-11D0-8D11-00A0C91BC942}") = "INSTALL", "INSTALL.vcxproj", "{7A4505DE-F448-3939-8237-FBED3C5FDFCB}"
	ProjectSection(ProjectDependencies) = postProject
		{D0707071-9019-3475-9471-C3A37F6348DB} = {D0707071-9019-3475-9471-C3A37F6348DB}
		{35E535FD-1CE8-3088-BB40-0E2CBC18FB86} = {35E535FD-1CE8-3088-BB40-0E2CBC18FB86}
	EndProjectSection
EndProject
Project("{8BC9CEB8-8B4A-11D0-8D11-00A0C91BC942}") = "Iex", "ext_build\openexr\IlmBase\Iex\Iex.vcxproj", "{73546284-E3F3-339D-BC9A-39574C8BCDE9}"
	ProjectSection(ProjectDependencies) = postProject
		{35E535FD-1CE8-3088-BB40-0E2CBC18FB86} = {35E535FD-1CE8-3088-BB40-0E2CBC18FB86}
	EndProjectSection
EndProject
Project("{8BC9CEB8-8B4A-11D0-8D11-00A0C91BC942}") = "IexMath", "ext_build\openexr\IlmBase\IexMath\IexMath.vcxproj", "{3D2DC087-196C-3860-A1B0-C69B7E36E657}"
	ProjectSection(ProjectDependencies) = postProject
		{73546284-E3F3-339D-BC9A-39574C8BCDE9} = {73546284-E3F3-339D-BC9A-39574C8BCDE9}
		{35E535FD-1CE8-3088-BB40-0E2CBC18FB86} = {35E535FD-1CE8-3088-BB40-0E2CBC18FB86}
	EndProjectSection
EndProject
Project("{8BC9CEB8-8B4A-11D0-8D11-00A0C91BC942}") = "IlmImf", "ext_build\openexr\OpenEXR\IlmImf\IlmImf.vcxproj", "{3B32767E-B389-3B49-986E-A3BE0772E167}"
	ProjectSection(ProjectDependencies) = postProject
		{1AD4A36C-FC98-32DD-8A3E-461E309A2782} = {1AD4A36C-FC98-32DD-8A3E-461E309A2782}
		{73546284-E3F3-339D-BC9A-39574C8BCDE9} = {73546284-E3F3-339D-BC9A-39574C8BCDE9}
		{F146B7AA-3A74-3B28-B739-D5A03936DE0F} = {F146B7AA-3A74-3B28-B739-D5A03936DE0F}
		{9A60D722-F9FC-36A4-BCC4-2DEF04EB866F} = {9A60D722-F9FC-36A4-BCC4-2DEF04EB866F}
		{4552A1C3-FC29-32AB-B9E5-89D63C16CFDC} = {4552A1C3-FC29-32AB-B9E5-89D63C16CFDC}
		{35E535FD-1CE8-3088-BB40-0E2CBC18FB86} = {35E535FD-1CE8-3088-BB40-0E2CBC18FB86}
		{3F0223B1-6807-3ABF-BFB9-F868D124FDFB} = {3F0223B1-6807-3ABF-BFB9-F868D124FDFB}
		{CF523281-D01D-3796-BF69-81F5AC36EA12} = {CF523281-D01D-3796-BF69-81F5AC36EA12}
	EndProjectSection
EndProject
Project("{8BC9CEB8-8B4A-11D0-8D11-00A0C91BC942}") = "IlmImf-obj", "ext_build\openexr\OpenEXR\IlmImf\IlmImf-obj.vcxproj", "{F146B7AA-3A74-3B28-B739-D5A03936DE0F}"
	ProjectSection(ProjectDependencies) = postProject
		{35E535FD-1CE8-3088-BB40-0E2CBC18FB86} = {35E535FD-1CE8-3088-BB40-0E2CBC18FB86}
	EndProjectSection
EndProject
Project("{8BC9CEB8-8B4A-11D0-8D11-00A0C91BC942}") = "IlmThread", "ext_build\openexr\IlmBase\IlmThread\IlmThread.vcxproj", "{9A60D722-F9FC-36A4-BCC4-2DEF04EB866F}"
	ProjectSection(ProjectDependencies) = postProject
		{73546284-E3F3-339D-BC9A-39574C8BCDE9} = {73546284-E3F3-339D-BC9A-39574C8BCDE9}
		{35E535FD-1CE8-3088-BB40-0E2CBC18FB86} = {35E535FD-1CE8-3088-BB40-0E2CBC18FB86}
	EndProjectSection
EndProject
Project("{8BC9CEB8-8B4A-11D0-8D11-00A0C91BC942}") = "Imath", "ext_build\openexr\IlmBase\Imath\Imath.vcxproj", "{4552A1C3-FC29-32AB-B9E5-89D63C16CFDC}"
	ProjectSection(ProjectDependencies) = postProject
		{73546284-E3F3-339D-BC9A-39574C8BCDE9} = {73546284-E3F3-339D-BC9A-39574C8BCDE9}
		{35E535FD-1CE8-3088-BB40-0E2CBC18FB86} = {35E535FD-1CE8-3088-BB40-0E2CBC18FB86}
	EndProjectSection
EndProject
Project("{8BC9CEB8-8B4A-11D0-8D11-00A0C91BC942}") = "PACKAGE", "PACKAGE.vcxproj", "{712C0BD5-60A3-3355-AF10-4463F07812FB}"
	ProjectSection(ProjectDependencies) = postProject
		{D0707071-9019-3475-9471-C3A37F6348DB} = {D0707071-9019-3475-9471-C3A37F6348DB}
		{35E535FD-1CE8-3088-BB40-0E2CBC18FB86} = {35E535FD-1CE8-3088-BB40-0E2CBC18FB86}
	EndProjectSection
EndProject
Project("{8BC9CEB8-8B4A-11D0-8D11-00A0C91BC942}") = "ZERO_CHECK", "ZERO_CHECK.vcxproj", "{35E535FD-1CE8-3088-BB40-0E2CBC18FB86}"
	ProjectSection(ProjectDependencies) = postProject
	EndProjectSection
EndProject
Project("{8BC9CEB8-8B4A-11D0-8D11-00A0C91BC942}") = "b44ExpLogTable", "ext_build\openexr\OpenEXR\IlmImf\b44ExpLogTable.vcxproj", "{3F0223B1-6807-3ABF-BFB9-F868D124FDFB}"
	ProjectSection(ProjectDependencies) = postProject
		{5591DC42-4F43-3624-9516-5DB750C2D2B1} = {5591DC42-4F43-3624-9516-5DB750C2D2B1}
		{1AD4A36C-FC98-32DD-8A3E-461E309A2782} = {1AD4A36C-FC98-32DD-8A3E-461E309A2782}
		{73546284-E3F3-339D-BC9A-39574C8BCDE9} = {73546284-E3F3-339D-BC9A-39574C8BCDE9}
		{9A60D722-F9FC-36A4-BCC4-2DEF04EB866F} = {9A60D722-F9FC-36A4-BCC4-2DEF04EB866F}
		{35E535FD-1CE8-3088-BB40-0E2CBC18FB86} = {35E535FD-1CE8-3088-BB40-0E2CBC18FB86}
	EndProjectSection
EndProject
Project("{8BC9CEB8-8B4A-11D0-8D11-00A0C91BC942}") = "dwaLookups", "ext_build\openexr\OpenEXR\IlmImf\dwaLookups.vcxproj", "{CF523281-D01D-3796-BF69-81F5AC36EA12}"
	ProjectSection(ProjectDependencies) = postProject
		{5591DC42-4F43-3624-9516-5DB750C2D2B1} = {5591DC42-4F43-3624-9516-5DB750C2D2B1}
		{1AD4A36C-FC98-32DD-8A3E-461E309A2782} = {1AD4A36C-FC98-32DD-8A3E-461E309A2782}
		{73546284-E3F3-339D-BC9A-39574C8BCDE9} = {73546284-E3F3-339D-BC9A-39574C8BCDE9}
		{9A60D722-F9FC-36A4-BCC4-2DEF04EB866F} = {9A60D722-F9FC-36A4-BCC4-2DEF04EB866F}
		{35E535FD-1CE8-3088-BB40-0E2CBC18FB86} = {35E535FD-1CE8-3088-BB40-0E2CBC18FB86}
	EndProjectSection
EndProject
Project("{8BC9CEB8-8B4A-11D0-8D11-00A0C91BC942}") = "eLut", "ext_build\openexr\IlmBase\Half\eLut.vcxproj", "{CBB34D00-FEBB-3109-B444-B3876F7F692D}"
	ProjectSection(ProjectDependencies) = postProject
		{35E535FD-1CE8-3088-BB40-0E2CBC18FB86} = {35E535FD-1CE8-3088-BB40-0E2CBC18FB86}
	EndProjectSection
EndProject
Project("{8BC9CEB8-8B4A-11D0-8D11-00A0C91BC942}") = "glfw", "ext_build\nanogui\ext_build\glfw\src\glfw.vcxproj", "{F4C4469F-967F-3A08-9617-5D00BF81568A}"
	ProjectSection(ProjectDependencies) = postProject
		{35E535FD-1CE8-3088-BB40-0E2CBC18FB86} = {35E535FD-1CE8-3088-BB40-0E2CBC18FB86}
		{519D7D55-254C-3066-88CE-D55AB71D82CC} = {519D7D55-254C-3066-88CE-D55AB71D82CC}
	EndProjectSection
EndProject
Project("{8BC9CEB8-8B4A-11D0-8D11-00A0C91BC942}") = "glfw_objects", "ext_build\nanogui\ext_build\glfw\src\glfw_objects.vcxproj", "{519D7D55-254C-3066-88CE-D55AB71D82CC}"
	ProjectSection(ProjectDependencies) = postProject
		{35E535FD-1CE8-3088-BB40-0E2CBC18FB86} = {35E535FD-1CE8-3088-BB40-0E2CBC18FB86}
	EndProjectSection
EndProject
Project("{8BC9CEB8-8B4A-11D0-8D11-00A0C91BC942}") = "nanogui", "ext_build\nanogui\nanogui.vcxproj", "{CD53E1AD-06FF-38F1-9260-2B8D16C1028D}"
	ProjectSection(ProjectDependencies) = postProject
		{35E535FD-1CE8-3088-BB40-0E2CBC18FB86} = {35E535FD-1CE8-3088-BB40-0E2CBC18FB86}
		{519D7D55-254C-3066-88CE-D55AB71D82CC} = {519D7D55-254C-3066-88CE-D55AB71D82CC}
		{E318A015-EC78-3B31-8785-A0F2F1BD3535} = {E318A015-EC78-3B31-8785-A0F2F1BD3535}
	EndProjectSection
EndProject
Project("{8BC9CEB8-8B4A-11D0-8D11-00A0C91BC942}") = "nanogui-obj", "ext_build\nanogui\nanogui-obj.vcxproj", "{E318A015-EC78-3B31-8785-A0F2F1BD3535}"
	ProjectSection(ProjectDependencies) = postProject
		{35E535FD-1CE8-3088-BB40-0E2CBC18FB86} = {35E535FD-1CE8-3088-BB40-0E2CBC18FB86}
	EndProjectSection
EndProject
Project("{8BC9CEB8-8B4A-11D0-8D11-00A0C91BC942}") = "nori", "nori.vcxproj", "{F9EFABDD-372B-35C4-A976-C3409481BC1C}"
	ProjectSection(ProjectDependencies) = postProject
		{1AD4A36C-FC98-32DD-8A3E-461E309A2782} = {1AD4A36C-FC98-32DD-8A3E-461E309A2782}
		{73546284-E3F3-339D-BC9A-39574C8BCDE9} = {73546284-E3F3-339D-BC9A-39574C8BCDE9}
		{3B32767E-B389-3B49-986E-A3BE0772E167} = {3B32767E-B389-3B49-986E-A3BE0772E167}
		{9A60D722-F9FC-36A4-BCC4-2DEF04EB866F} = {9A60D722-F9FC-36A4-BCC4-2DEF04EB866F}
		{4552A1C3-FC29-32AB-B9E5-89D63C16CFDC} = {4552A1C3-FC29-32AB-B9E5-89D63C16CFDC}
		{35E535FD-1CE8-3088-BB40-0E2CBC18FB86} = {35E535FD-1CE8-3088-BB40-0E2CBC18FB86}
		{CD53E1AD-06FF-38F1-9260-2B8D16C1028D} = {CD53E1AD-06FF-38F1-9260-2B8D16C1028D}
		{DEA96C98-0594-3233-824A-CFE7E9FD79E0} = {DEA96C98-0594-3233-824A-CFE7E9FD79E0}
		{E053653C-EE76-3969-8633-844F9F7738BF} = {E053653C-EE76-3969-8633-844F9F7738BF}
		{7C91EF3F-9BA8-3101-ACED-5AE41EFE2CDF} = {7C91EF3F-9BA8-3101-ACED-5AE41EFE2CDF}
	EndProjectSection
EndProject
Project("{8BC9CEB8-8B4A-11D0-8D11-00A0C91BC942}") = "pugixml", "ext_build\pugixml.vcxproj", "{DEA96C98-0594-3233-824A-CFE7E9FD79E0}"
	ProjectSection(ProjectDependencies) = postProject
		{35E535FD-1CE8-3088-BB40-0E2CBC18FB86} = {35E535FD-1CE8-3088-BB40-0E2CBC18FB86}
	EndProjectSection
EndProject
Project("{8BC9CEB8-8B4A-11D0-8D11-00A0C91BC942}") = "tbb_def_files", "ext_build\tbb\tbb_def_files.vcxproj", "{6E19276B-394B-384E-9B76-8DE16E640883}"
	ProjectSection(ProjectDependencies) = postProject
		{35E535FD-1CE8-3088-BB40-0E2CBC18FB86} = {35E535FD-1CE8-3088-BB40-0E2CBC18FB86}
	EndProjectSection
EndProject
Project("{8BC9CEB8-8B4A-11D0-8D11-00A0C91BC942}") = "tbb_static", "ext_build\tbb\tbb_static.vcxproj", "{E053653C-EE76-3969-8633-844F9F7738BF}"
	ProjectSection(ProjectDependencies) = postProject
		{35E535FD-1CE8-3088-BB40-0E2CBC18FB86} = {35E535FD-1CE8-3088-BB40-0E2CBC18FB86}
	EndProjectSection
EndProject
Project("{8BC9CEB8-8B4A-11D0-8D11-00A0C91BC942}") = "toFloat", "ext_build\openexr\IlmBase\Half\toFloat.vcxproj", "{C1AD4F4D-7FBC-3FB7-B20E-19098713C99D}"
	ProjectSection(ProjectDependencies) = postProject
		{35E535FD-1CE8-3088-BB40-0E2CBC18FB86} = {35E535FD-1CE8-3088-BB40-0E2CBC18FB86}
	EndProjectSection
EndProject
Project("{8BC9CEB8-8B4A-11D0-8D11-00A0C91BC942}") = "warptest", "warptest.vcxproj", "{2AF0923F-CA9C-3BB8-8890-03D9F2E34927}"
	ProjectSection(ProjectDependencies) = postProject
		{35E535FD-1CE8-3088-BB40-0E2CBC18FB86} = {35E535FD-1CE8-3088-BB40-0E2CBC18FB86}
		{CD53E1AD-06FF-38F1-9260-2B8D16C1028D} = {CD53E1AD-06FF-38F1-9260-2B8D16C1028D}
		{E053653C-EE76-3969-8633-844F9F7738BF} = {E053653C-EE76-3969-8633-844F9F7738BF}
	EndProjectSection
EndProject
Project("{8BC9CEB8-8B4A-11D0-8D11-00A0C91BC942}") = "zlibstatic", "ext_build\zlib\zlibstatic.vcxproj", "{7C91EF3F-9BA8-3101-ACED-5AE41EFE2CDF}"
	ProjectSection(ProjectDependencies) = postProject
		{35E535FD-1CE8-3088-BB40-0E2CBC18FB86} = {35E535FD-1CE8-3088-BB40-0E2CBC18FB86}
	EndProjectSection
EndProject
Global
	GlobalSection(SolutionConfigurationPlatforms) = preSolution
		Debug|x64 = Debug|x64
		Release|x64 = Release|x64
		MinSizeRel|x64 = MinSizeRel|x64
		RelWithDebInfo|x64 = RelWithDebInfo|x64
	EndGlobalSection
	GlobalSection(ProjectConfigurationPlatforms) = postSolution
		{D0707071-9019-3475-9471-C3A37F6348DB}.Debug|x64.ActiveCfg = Debug|x64
		{D0707071-9019-3475-9471-C3A37F6348DB}.Debug|x64.Build.0 = Debug|x64
		{D0707071-9019-3475-9471-C3A37F6348DB}.Release|x64.ActiveCfg = Release|x64
		{D0707071-9019-3475-9471-C3A37F6348DB}.Release|x64.Build.0 = Release|x64
		{D0707071-9019-3475-9471-C3A37F6348DB}.MinSizeRel|x64.ActiveCfg = MinSizeRel|x64
		{D0707071-9019-3475-9471-C3A37F6348DB}.MinSizeRel|x64.Build.0 = MinSizeRel|x64
		{D0707071-9019-3475-9471-C3A37F6348DB}.RelWithDebInfo|x64.ActiveCfg = RelWithDebInfo|x64
		{D0707071-9019-3475-9471-C3A37F6348DB}.RelWithDebInfo|x64.Build.0 = RelWithDebInfo|x64
		{5591DC42-4F43-3624-9516-5DB750C2D2B1}.Debug|x64.ActiveCfg = Debug|x64
		{5591DC42-4F43-3624-9516-5DB750C2D2B1}.Debug|x64.Build.0 = Debug|x64
		{5591DC42-4F43-3624-9516-5DB750C2D2B1}.Release|x64.ActiveCfg = Release|x64
		{5591DC42-4F43-3624-9516-5DB750C2D2B1}.Release|x64.Build.0 = Release|x64
		{5591DC42-4F43-3624-9516-5DB750C2D2B1}.MinSizeRel|x64.ActiveCfg = MinSizeRel|x64
		{5591DC42-4F43-3624-9516-5DB750C2D2B1}.MinSizeRel|x64.Build.0 = MinSizeRel|x64
		{5591DC42-4F43-3624-9516-5DB750C2D2B1}.RelWithDebInfo|x64.ActiveCfg = RelWithDebInfo|x64
		{5591DC42-4F43-3624-9516-5DB750C2D2B1}.RelWithDebInfo|x64.Build.0 = RelWithDebInfo|x64
		{1AD4A36C-FC98-32DD-8A3E-461E309A2782}.Debug|x64.ActiveCfg = Debug|x64
		{1AD4A36C-FC98-32DD-8A3E-461E309A2782}.Debug|x64.Build.0 = Debug|x64
		{1AD4A36C-FC98-32DD-8A3E-461E309A2782}.Release|x64.ActiveCfg = Release|x64
		{1AD4A36C-FC98-32DD-8A3E-461E309A2782}.Release|x64.Build.0 = Release|x64
		{1AD4A36C-FC98-32DD-8A3E-461E309A2782}.MinSizeRel|x64.ActiveCfg = MinSizeRel|x64
		{1AD4A36C-FC98-32DD-8A3E-461E309A2782}.MinSizeRel|x64.Build.0 = MinSizeRel|x64
		{1AD4A36C-FC98-32DD-8A3E-461E309A2782}.RelWithDebInfo|x64.ActiveCfg = RelWithDebInfo|x64
		{1AD4A36C-FC98-32DD-8A3E-461E309A2782}.RelWithDebInfo|x64.Build.0 = RelWithDebInfo|x64
		{7A4505DE-F448-3939-8237-FBED3C5FDFCB}.Debug|x64.ActiveCfg = Debug|x64
		{7A4505DE-F448-3939-8237-FBED3C5FDFCB}.Release|x64.ActiveCfg = Release|x64
		{7A4505DE-F448-3939-8237-FBED3C5FDFCB}.MinSizeRel|x64.ActiveCfg = MinSizeRel|x64
		{7A4505DE-F448-3939-8237-FBED3C5FDFCB}.RelWithDebInfo|x64.ActiveCfg = RelWithDebInfo|x64
		{73546284-E3F3-339D-BC9A-39574C8BCDE9}.Debug|x64.ActiveCfg = Debug|x64
		{73546284-E3F3-339D-BC9A-39574C8BCDE9}.Debug|x64.Build.0 = Debug|x64
		{73546284-E3F3-339D-BC9A-39574C8BCDE9}.Release|x64.ActiveCfg = Release|x64
		{73546284-E3F3-339D-BC9A-39574C8BCDE9}.Release|x64.Build.0 = Release|x64
		{73546284-E3F3-339D-BC9A-39574C8BCDE9}.MinSizeRel|x64.ActiveCfg = MinSizeRel|x64
		{73546284-E3F3-339D-BC9A-39574C8BCDE9}.MinSizeRel|x64.Build.0 = MinSizeRel|x64
		{73546284-E3F3-339D-BC9A-39574C8BCDE9}.RelWithDebInfo|x64.ActiveCfg = RelWithDebInfo|x64
		{73546284-E3F3-339D-BC9A-39574C8BCDE9}.RelWithDebInfo|x64.Build.0 = RelWithDebInfo|x64
		{3D2DC087-196C-3860-A1B0-C69B7E36E657}.Debug|x64.ActiveCfg = Debug|x64
		{3D2DC087-196C-3860-A1B0-C69B7E36E657}.Debug|x64.Build.0 = Debug|x64
		{3D2DC087-196C-3860-A1B0-C69B7E36E657}.Release|x64.ActiveCfg = Release|x64
		{3D2DC087-196C-3860-A1B0-C69B7E36E657}.Release|x64.Build.0 = Release|x64
		{3D2DC087-196C-3860-A1B0-C69B7E36E657}.MinSizeRel|x64.ActiveCfg = MinSizeRel|x64
		{3D2DC087-196C-3860-A1B0-C69B7E36E657}.MinSizeRel|x64.Build.0 = MinSizeRel|x64
		{3D2DC087-196C-3860-A1B0-C69B7E36E657}.RelWithDebInfo|x64.ActiveCfg = RelWithDebInfo|x64
		{3D2DC087-196C-3860-A1B0-C69B7E36E657}.RelWithDebInfo|x64.Build.0 = RelWithDebInfo|x64
		{3B32767E-B389-3B49-986E-A3BE0772E167}.Debug|x64.ActiveCfg = Debug|x64
		{3B32767E-B389-3B49-986E-A3BE0772E167}.Debug|x64.Build.0 = Debug|x64
		{3B32767E-B389-3B49-986E-A3BE0772E167}.Release|x64.ActiveCfg = Release|x64
		{3B32767E-B389-3B49-986E-A3BE0772E167}.Release|x64.Build.0 = Release|x64
		{3B32767E-B389-3B49-986E-A3BE0772E167}.MinSizeRel|x64.ActiveCfg = MinSizeRel|x64
		{3B32767E-B389-3B49-986E-A3BE0772E167}.MinSizeRel|x64.Build.0 = MinSizeRel|x64
		{3B32767E-B389-3B49-986E-A3BE0772E167}.RelWithDebInfo|x64.ActiveCfg = RelWithDebInfo|x64
		{3B32767E-B389-3B49-986E-A3BE0772E167}.RelWithDebInfo|x64.Build.0 = RelWithDebInfo|x64
		{F146B7AA-3A74-3B28-B739-D5A03936DE0F}.Debug|x64.ActiveCfg = Debug|x64
		{F146B7AA-3A74-3B28-B739-D5A03936DE0F}.Debug|x64.Build.0 = Debug|x64
		{F146B7AA-3A74-3B28-B739-D5A03936DE0F}.Release|x64.ActiveCfg = Release|x64
		{F146B7AA-3A74-3B28-B739-D5A03936DE0F}.Release|x64.Build.0 = Release|x64
		{F146B7AA-3A74-3B28-B739-D5A03936DE0F}.MinSizeRel|x64.ActiveCfg = MinSizeRel|x64
		{F146B7AA-3A74-3B28-B739-D5A03936DE0F}.MinSizeRel|x64.Build.0 = MinSizeRel|x64
		{F146B7AA-3A74-3B28-B739-D5A03936DE0F}.RelWithDebInfo|x64.ActiveCfg = RelWithDebInfo|x64
		{F146B7AA-3A74-3B28-B739-D5A03936DE0F}.RelWithDebInfo|x64.Build.0 = RelWithDebInfo|x64
		{9A60D722-F9FC-36A4-BCC4-2DEF04EB866F}.Debug|x64.ActiveCfg = Debug|x64
		{9A60D722-F9FC-36A4-BCC4-2DEF04EB866F}.Debug|x64.Build.0 = Debug|x64
		{9A60D722-F9FC-36A4-BCC4-2DEF04EB866F}.Release|x64.ActiveCfg = Release|x64
		{9A60D722-F9FC-36A4-BCC4-2DEF04EB866F}.Release|x64.Build.0 = Release|x64
		{9A60D722-F9FC-36A4-BCC4-2DEF04EB866F}.MinSizeRel|x64.ActiveCfg = MinSizeRel|x64
		{9A60D722-F9FC-36A4-BCC4-2DEF04EB866F}.MinSizeRel|x64.Build.0 = MinSizeRel|x64
		{9A60D722-F9FC-36A4-BCC4-2DEF04EB866F}.RelWithDebInfo|x64.ActiveCfg = RelWithDebInfo|x64
		{9A60D722-F9FC-36A4-BCC4-2DEF04EB866F}.RelWithDebInfo|x64.Build.0 = RelWithDebInfo|x64
		{4552A1C3-FC29-32AB-B9E5-89D63C16CFDC}.Debug|x64.ActiveCfg = Debug|x64
		{4552A1C3-FC29-32AB-B9E5-89D63C16CFDC}.Debug|x64.Build.0 = Debug|x64
		{4552A1C3-FC29-32AB-B9E5-89D63C16CFDC}.Release|x64.ActiveCfg = Release|x64
		{4552A1C3-FC29-32AB-B9E5-89D63C16CFDC}.Release|x64.Build.0 = Release|x64
		{4552A1C3-FC29-32AB-B9E5-89D63C16CFDC}.MinSizeRel|x64.ActiveCfg = MinSizeRel|x64
		{4552A1C3-FC29-32AB-B9E5-89D63C16CFDC}.MinSizeRel|x64.Build.0 = MinSizeRel|x64
		{4552A1C3-FC29-32AB-B9E5-89D63C16CFDC}.RelWithDebInfo|x64.ActiveCfg = RelWithDebInfo|x64
		{4552A1C3-FC29-32AB-B9E5-89D63C16CFDC}.RelWithDebInfo|x64.Build.0 = RelWithDebInfo|x64
		{712C0BD5-60A3-3355-AF10-4463F07812FB}.Debug|x64.ActiveCfg = Debug|x64
		{712C0BD5-60A3-3355-AF10-4463F07812FB}.Release|x64.ActiveCfg = Release|x64
		{712C0BD5-60A3-3355-AF10-4463F07812FB}.MinSizeRel|x64.ActiveCfg = MinSizeRel|x64
		{712C0BD5-60A3-3355-AF10-4463F07812FB}.RelWithDebInfo|x64.ActiveCfg = RelWithDebInfo|x64
		{35E535FD-1CE8-3088-BB40-0E2CBC18FB86}.Debug|x64.ActiveCfg = Debug|x64
		{35E535FD-1CE8-3088-BB40-0E2CBC18FB86}.Debug|x64.Build.0 = Debug|x64
		{35E535FD-1CE8-3088-BB40-0E2CBC18FB86}.Release|x64.ActiveCfg = Release|x64
		{35E535FD-1CE8-3088-BB40-0E2CBC18FB86}.Release|x64.Build.0 = Release|x64
		{35E535FD-1CE8-3088-BB40-0E2CBC18FB86}.MinSizeRel|x64.ActiveCfg = MinSizeRel|x64
		{35E535FD-1CE8-3088-BB40-0E2CBC18FB86}.MinSizeRel|x64.Build.0 = MinSizeRel|x64
		{35E535FD-1CE8-3088-BB40-0E2CBC18FB86}.RelWithDebInfo|x64.ActiveCfg = RelWithDebInfo|x64
		{35E535FD-1CE8-3088-BB40-0E2CBC18FB86}.RelWithDebInfo|x64.Build.0 = RelWithDebInfo|x64
		{3F0223B1-6807-3ABF-BFB9-F868D124FDFB}.Debug|x64.ActiveCfg = Debug|x64
		{3F0223B1-6807-3ABF-BFB9-F868D124FDFB}.Debug|x64.Build.0 = Debug|x64
		{3F0223B1-6807-3ABF-BFB9-F868D124FDFB}.Release|x64.ActiveCfg = Release|x64
		{3F0223B1-6807-3ABF-BFB9-F868D124FDFB}.Release|x64.Build.0 = Release|x64
		{3F0223B1-6807-3ABF-BFB9-F868D124FDFB}.MinSizeRel|x64.ActiveCfg = MinSizeRel|x64
		{3F0223B1-6807-3ABF-BFB9-F868D124FDFB}.MinSizeRel|x64.Build.0 = MinSizeRel|x64
		{3F0223B1-6807-3ABF-BFB9-F868D124FDFB}.RelWithDebInfo|x64.ActiveCfg = RelWithDebInfo|x64
		{3F0223B1-6807-3ABF-BFB9-F868D124FDFB}.RelWithDebInfo|x64.Build.0 = RelWithDebInfo|x64
		{CF523281-D01D-3796-BF69-81F5AC36EA12}.Debug|x64.ActiveCfg = Debug|x64
		{CF523281-D01D-3796-BF69-81F5AC36EA12}.Debug|x64.Build.0 = Debug|x64
		{CF523281-D01D-3796-BF69-81F5AC36EA12}.Release|x64.ActiveCfg = Release|x64
		{CF523281-D01D-3796-BF69-81F5AC36EA12}.Release|x64.Build.0 = Release|x64
		{CF523281-D01D-3796-BF69-81F5AC36EA12}.MinSizeRel|x64.ActiveCfg = MinSizeRel|x64
		{CF523281-D01D-3796-BF69-81F5AC36EA12}.MinSizeRel|x64.Build.0 = MinSizeRel|x64
		{CF523281-D01D-3796-BF69-81F5AC36EA12}.RelWithDebInfo|x64.ActiveCfg = RelWithDebInfo|x64
		{CF523281-D01D-3796-BF69-81F5AC36EA12}.RelWithDebInfo|x64.Build.0 = RelWithDebInfo|x64
		{CBB34D00-FEBB-3109-B444-B3876F7F692D}.Debug|x64.ActiveCfg = Debug|x64
		{CBB34D00-FEBB-3109-B444-B3876F7F692D}.Debug|x64.Build.0 = Debug|x64
		{CBB34D00-FEBB-3109-B444-B3876F7F692D}.Release|x64.ActiveCfg = Release|x64
		{CBB34D00-FEBB-3109-B444-B3876F7F692D}.Release|x64.Build.0 = Release|x64
		{CBB34D00-FEBB-3109-B444-B3876F7F692D}.MinSizeRel|x64.ActiveCfg = MinSizeRel|x64
		{CBB34D00-FEBB-3109-B444-B3876F7F692D}.MinSizeRel|x64.Build.0 = MinSizeRel|x64
		{CBB34D00-FEBB-3109-B444-B3876F7F692D}.RelWithDebInfo|x64.ActiveCfg = RelWithDebInfo|x64
		{CBB34D00-FEBB-3109-B444-B3876F7F692D}.RelWithDebInfo|x64.Build.0 = RelWithDebInfo|x64
		{F4C4469F-967F-3A08-9617-5D00BF81568A}.Debug|x64.ActiveCfg = Debug|x64
		{F4C4469F-967F-3A08-9617-5D00BF81568A}.Release|x64.ActiveCfg = Release|x64
		{F4C4469F-967F-3A08-9617-5D00BF81568A}.MinSizeRel|x64.ActiveCfg = MinSizeRel|x64
		{F4C4469F-967F-3A08-9617-5D00BF81568A}.RelWithDebInfo|x64.ActiveCfg = RelWithDebInfo|x64
		{519D7D55-254C-3066-88CE-D55AB71D82CC}.Debug|x64.ActiveCfg = Debug|x64
		{519D7D55-254C-3066-88CE-D55AB71D82CC}.Debug|x64.Build.0 = Debug|x64
		{519D7D55-254C-3066-88CE-D55AB71D82CC}.Release|x64.ActiveCfg = Release|x64
		{519D7D55-254C-3066-88CE-D55AB71D82CC}.Release|x64.Build.0 = Release|x64
		{519D7D55-254C-3066-88CE-D55AB71D82CC}.MinSizeRel|x64.ActiveCfg = MinSizeRel|x64
		{519D7D55-254C-3066-88CE-D55AB71D82CC}.MinSizeRel|x64.Build.0 = MinSizeRel|x64
		{519D7D55-254C-3066-88CE-D55AB71D82CC}.RelWithDebInfo|x64.ActiveCfg = RelWithDebInfo|x64
		{519D7D55-254C-3066-88CE-D55AB71D82CC}.RelWithDebInfo|x64.Build.0 = RelWithDebInfo|x64
		{CD53E1AD-06FF-38F1-9260-2B8D16C1028D}.Debug|x64.ActiveCfg = Debug|x64
		{CD53E1AD-06FF-38F1-9260-2B8D16C1028D}.Debug|x64.Build.0 = Debug|x64
		{CD53E1AD-06FF-38F1-9260-2B8D16C1028D}.Release|x64.ActiveCfg = Release|x64
		{CD53E1AD-06FF-38F1-9260-2B8D16C1028D}.Release|x64.Build.0 = Release|x64
		{CD53E1AD-06FF-38F1-9260-2B8D16C1028D}.MinSizeRel|x64.ActiveCfg = MinSizeRel|x64
		{CD53E1AD-06FF-38F1-9260-2B8D16C1028D}.MinSizeRel|x64.Build.0 = MinSizeRel|x64
		{CD53E1AD-06FF-38F1-9260-2B8D16C1028D}.RelWithDebInfo|x64.ActiveCfg = RelWithDebInfo|x64
		{CD53E1AD-06FF-38F1-9260-2B8D16C1028D}.RelWithDebInfo|x64.Build.0 = RelWithDebInfo|x64
		{E318A015-EC78-3B31-8785-A0F2F1BD3535}.Debug|x64.ActiveCfg = Debug|x64
		{E318A015-EC78-3B31-8785-A0F2F1BD3535}.Debug|x64.Build.0 = Debug|x64
		{E318A015-EC78-3B31-8785-A0F2F1BD3535}.Release|x64.ActiveCfg = Release|x64
		{E318A015-EC78-3B31-8785-A0F2F1BD3535}.Release|x64.Build.0 = Release|x64
		{E318A015-EC78-3B31-8785-A0F2F1BD3535}.MinSizeRel|x64.ActiveCfg = MinSizeRel|x64
		{E318A015-EC78-3B31-8785-A0F2F1BD3535}.MinSizeRel|x64.Build.0 = MinSizeRel|x64
		{E318A015-EC78-3B31-8785-A0F2F1BD3535}.RelWithDebInfo|x64.ActiveCfg = RelWithDebInfo|x64
		{E318A015-EC78-3B31-8785-A0F2F1BD3535}.RelWithDebInfo|x64.Build.0 = RelWithDebInfo|x64
		{F9EFABDD-372B-35C4-A976-C3409481BC1C}.Debug|x64.ActiveCfg = Debug|x64
		{F9EFABDD-372B-35C4-A976-C3409481BC1C}.Debug|x64.Build.0 = Debug|x64
		{F9EFABDD-372B-35C4-A976-C3409481BC1C}.Release|x64.ActiveCfg = Release|x64
		{F9EFABDD-372B-35C4-A976-C3409481BC1C}.Release|x64.Build.0 = Release|x64
		{F9EFABDD-372B-35C4-A976-C3409481BC1C}.MinSizeRel|x64.ActiveCfg = MinSizeRel|x64
		{F9EFABDD-372B-35C4-A976-C3409481BC1C}.MinSizeRel|x64.Build.0 = MinSizeRel|x64
		{F9EFABDD-372B-35C4-A976-C3409481BC1C}.RelWithDebInfo|x64.ActiveCfg = RelWithDebInfo|x64
		{F9EFABDD-372B-35C4-A976-C3409481BC1C}.RelWithDebInfo|x64.Build.0 = RelWithDebInfo|x64
		{DEA96C98-0594-3233-824A-CFE7E9FD79E0}.Debug|x64.ActiveCfg = Debug|x64
		{DEA96C98-0594-3233-824A-CFE7E9FD79E0}.Debug|x64.Build.0 = Debug|x64
		{DEA96C98-0594-3233-824A-CFE7E9FD79E0}.Release|x64.ActiveCfg = Release|x64
		{DEA96C98-0594-3233-824A-CFE7E9FD79E0}.Release|x64.Build.0 = Release|x64
		{DEA96C98-0594-3233-824A-CFE7E9FD79E0}.MinSizeRel|x64.ActiveCfg = MinSizeRel|x64
		{DEA96C98-0594-3233-824A-CFE7E9FD79E0}.MinSizeRel|x64.Build.0 = MinSizeRel|x64
		{DEA96C98-0594-3233-824A-CFE7E9FD79E0}.RelWithDebInfo|x64.ActiveCfg = RelWithDebInfo|x64
		{DEA96C98-0594-3233-824A-CFE7E9FD79E0}.RelWithDebInfo|x64.Build.0 = RelWithDebInfo|x64
		{6E19276B-394B-384E-9B76-8DE16E640883}.Debug|x64.ActiveCfg = Debug|x64
		{6E19276B-394B-384E-9B76-8DE16E640883}.Release|x64.ActiveCfg = Release|x64
		{6E19276B-394B-384E-9B76-8DE16E640883}.MinSizeRel|x64.ActiveCfg = MinSizeRel|x64
		{6E19276B-394B-384E-9B76-8DE16E640883}.RelWithDebInfo|x64.ActiveCfg = RelWithDebInfo|x64
		{E053653C-EE76-3969-8633-844F9F7738BF}.Debug|x64.ActiveCfg = Debug|x64
		{E053653C-EE76-3969-8633-844F9F7738BF}.Debug|x64.Build.0 = Debug|x64
		{E053653C-EE76-3969-8633-844F9F7738BF}.Release|x64.ActiveCfg = Release|x64
		{E053653C-EE76-3969-8633-844F9F7738BF}.Release|x64.Build.0 = Release|x64
		{E053653C-EE76-3969-8633-844F9F7738BF}.MinSizeRel|x64.ActiveCfg = MinSizeRel|x64
		{E053653C-EE76-3969-8633-844F9F7738BF}.MinSizeRel|x64.Build.0 = MinSizeRel|x64
		{E053653C-EE76-3969-8633-844F9F7738BF}.RelWithDebInfo|x64.ActiveCfg = RelWithDebInfo|x64
		{E053653C-EE76-3969-8633-844F9F7738BF}.RelWithDebInfo|x64.Build.0 = RelWithDebInfo|x64
		{C1AD4F4D-7FBC-3FB7-B20E-19098713C99D}.Debug|x64.ActiveCfg = Debug|x64
		{C1AD4F4D-7FBC-3FB7-B20E-19098713C99D}.Debug|x64.Build.0 = Debug|x64
		{C1AD4F4D-7FBC-3FB7-B20E-19098713C99D}.Release|x64.ActiveCfg = Release|x64
		{C1AD4F4D-7FBC-3FB7-B20E-19098713C99D}.Release|x64.Build.0 = Release|x64
		{C1AD4F4D-7FBC-3FB7-B20E-19098713C99D}.MinSizeRel|x64.ActiveCfg = MinSizeRel|x64
		{C1AD4F4D-7FBC-3FB7-B20E-19098713C99D}.MinSizeRel|x64.Build.0 = MinSizeRel|x64
		{C1AD4F4D-7FBC-3FB7-B20E-19098713C99D}.RelWithDebInfo|x64.ActiveCfg = RelWithDebInfo|x64
		{C1AD4F4D-7FBC-3FB7-B20E-19098713C99D}.RelWithDebInfo|x64.Build.0 = RelWithDebInfo|x64
		{2AF0923F-CA9C-3BB8-8890-03D9F2E34927}.Debug|x64.ActiveCfg = Debug|x64
		{2AF0923F-CA9C-3BB8-8890-03D9F2E34927}.Debug|x64.Build.0 = Debug|x64
		{2AF0923F-CA9C-3BB8-8890-03D9F2E34927}.Release|x64.ActiveCfg = Release|x64
		{2AF0923F-CA9C-3BB8-8890-03D9F2E34927}.Release|x64.Build.0 = Release|x64
		{2AF0923F-CA9C-3BB8-8890-03D9F2E34927}.MinSizeRel|x64.ActiveCfg = MinSizeRel|x64
		{2AF0923F-CA9C-3BB8-8890-03D9F2E34927}.MinSizeRel|x64.Build.0 = MinSizeRel|x64
		{2AF0923F-CA9C-3BB8-8890-03D9F2E34927}.RelWithDebInfo|x64.ActiveCfg = RelWithDebInfo|x64
		{2AF0923F-CA9C-3BB8-8890-03D9F2E34927}.RelWithDebInfo|x64.Build.0 = RelWithDebInfo|x64
		{7C91EF3F-9BA8-3101-ACED-5AE41EFE2CDF}.Debug|x64.ActiveCfg = Debug|x64
		{7C91EF3F-9BA8-3101-ACED-5AE41EFE2CDF}.Debug|x64.Build.0 = Debug|x64
		{7C91EF3F-9BA8-3101-ACED-5AE41EFE2CDF}.Release|x64.ActiveCfg = Release|x64
		{7C91EF3F-9BA8-3101-ACED-5AE41EFE2CDF}.Release|x64.Build.0 = Release|x64
		{7C91EF3F-9BA8-3101-ACED-5AE41EFE2CDF}.MinSizeRel|x64.ActiveCfg = MinSizeRel|x64
		{7C91EF3F-9BA8-3101-ACED-5AE41EFE2CDF}.MinSizeRel|x64.Build.0 = MinSizeRel|x64
		{7C91EF3F-9BA8-3101-ACED-5AE41EFE2CDF}.RelWithDebInfo|x64.ActiveCfg = RelWithDebInfo|x64
		{7C91EF3F-9BA8-3101-ACED-5AE41EFE2CDF}.RelWithDebInfo|x64.Build.0 = RelWithDebInfo|x64
	EndGlobalSection
	GlobalSection(NestedProjects) = preSolution
		{D0707071-9019-3475-9471-C3A37F6348DB} = {AA9AA921-659F-364A-B070-9FC78ECC1D35}
		{7A4505DE-F448-3939-8237-FBED3C5FDFCB} = {AA9AA921-659F-364A-B070-9FC78ECC1D35}
		{712C0BD5-60A3-3355-AF10-4463F07812FB} = {AA9AA921-659F-364A-B070-9FC78ECC1D35}
		{35E535FD-1CE8-3088-BB40-0E2CBC18FB86} = {AA9AA921-659F-364A-B070-9FC78ECC1D35}
		{5591DC42-4F43-3624-9516-5DB750C2D2B1} = {44107292-EA8B-3699-8869-E080DDACF4C4}
		{1AD4A36C-FC98-32DD-8A3E-461E309A2782} = {44107292-EA8B-3699-8869-E080DDACF4C4}
		{73546284-E3F3-339D-BC9A-39574C8BCDE9} = {44107292-EA8B-3699-8869-E080DDACF4C4}
		{3D2DC087-196C-3860-A1B0-C69B7E36E657} = {44107292-EA8B-3699-8869-E080DDACF4C4}
		{3B32767E-B389-3B49-986E-A3BE0772E167} = {44107292-EA8B-3699-8869-E080DDACF4C4}
		{9A60D722-F9FC-36A4-BCC4-2DEF04EB866F} = {44107292-EA8B-3699-8869-E080DDACF4C4}
		{4552A1C3-FC29-32AB-B9E5-89D63C16CFDC} = {44107292-EA8B-3699-8869-E080DDACF4C4}
		{3F0223B1-6807-3ABF-BFB9-F868D124FDFB} = {44107292-EA8B-3699-8869-E080DDACF4C4}
		{CF523281-D01D-3796-BF69-81F5AC36EA12} = {44107292-EA8B-3699-8869-E080DDACF4C4}
		{CBB34D00-FEBB-3109-B444-B3876F7F692D} = {44107292-EA8B-3699-8869-E080DDACF4C4}
		{F4C4469F-967F-3A08-9617-5D00BF81568A} = {44107292-EA8B-3699-8869-E080DDACF4C4}
		{519D7D55-254C-3066-88CE-D55AB71D82CC} = {44107292-EA8B-3699-8869-E080DDACF4C4}
		{CD53E1AD-06FF-38F1-9260-2B8D16C1028D} = {44107292-EA8B-3699-8869-E080DDACF4C4}
		{E318A015-EC78-3B31-8785-A0F2F1BD3535} = {44107292-EA8B-3699-8869-E080DDACF4C4}
		{DEA96C98-0594-3233-824A-CFE7E9FD79E0} = {44107292-EA8B-3699-8869-E080DDACF4C4}
		{6E19276B-394B-384E-9B76-8DE16E640883} = {44107292-EA8B-3699-8869-E080DDACF4C4}
		{E053653C-EE76-3969-8633-844F9F7738BF} = {44107292-EA8B-3699-8869-E080DDACF4C4}
		{C1AD4F4D-7FBC-3FB7-B20E-19098713C99D} = {44107292-EA8B-3699-8869-E080DDACF4C4}
		{7C91EF3F-9BA8-3101-ACED-5AE41EFE2CDF} = {44107292-EA8B-3699-8869-E080DDACF4C4}
	EndGlobalSection
	GlobalSection(ExtensibilityGlobals) = postSolution
		SolutionGuid = {D1E60632-FE89-32E5-B602-1DCFCFEB21A1}
	EndGlobalSection
	GlobalSection(ExtensibilityAddIns) = postSolution
	EndGlobalSection
EndGlobal
