
Microsoft Visual Studio Solution File, Format Version 12.00
# Visual Studio Version 17
Project("{2150E333-8FDC-42A3-9474-1A3956D46DE8}") = "CMakePredefinedTargets", "CMakePredefinedTargets", "{00E40268-3405-327C-AE85-1F6994CF1129}"
EndProject
Project("{2150E333-8FDC-42A3-9474-1A3956D46DE8}") = "dependencies", "dependencies", "{9752FCB1-E6D0-38A7-8E9A-1DFEAFB02450}"
EndProject
Project("{8BC9CEB8-8B4A-11D0-8D11-00A0C91BC942}") = "ALL_BUILD", "ALL_BUILD.vcxproj", "{D36F2FDD-9E06-3B4A-8816-F2143F3005AC}"
	ProjectSection(ProjectDependencies) = postProject
		{C3BEC8A3-C9CA-39E3-B179-2021A06A2FEC} = {C3BEC8A3-C9CA-39E3-B179-2021A06A2FEC}
		{8B1C1CF8-81BB-3D40-B978-4B053A254878} = {8B1C1CF8-81BB-3D40-B978-4B053A254878}
		{2CA37290-A3C7-3CEC-AE8C-FDA320059D9C} = {2CA37290-A3C7-3CEC-AE8C-FDA320059D9C}
		{B2FBA2E8-91B7-3D7F-B155-936BAF434F2C} = {B2FBA2E8-91B7-3D7F-B155-936BAF434F2C}
		{12867110-A598-3531-8F8E-04B724EDE355} = {12867110-A598-3531-8F8E-04B724EDE355}
		{24B60266-7A9F-3BC1-A72B-E2EEBB34290C} = {24B60266-7A9F-3BC1-A72B-E2EEBB34290C}
		{BFD5B72B-0848-3789-BCE0-F7466FE00C1E} = {BFD5B72B-0848-3789-BCE0-F7466FE00C1E}
		{33EA2FB2-660E-3A99-83D4-9A83D8A0C0D9} = {33EA2FB2-660E-3A99-83D4-9A83D8A0C0D9}
		{B8996CAB-8761-3297-B2F8-A91BA8457827} = {B8996CAB-8761-3297-B2F8-A91BA8457827}
		{7E20901F-925F-3896-B932-87CFB9177675} = {7E20901F-925F-3896-B932-87CFB9177675}
		{D0C1B460-74DC-30AD-AC52-0B1F506CE22E} = {D0C1B460-74DC-30AD-AC52-0B1F506CE22E}
		{6675B916-0C07-3543-B7CA-BA61D2FFEC21} = {6675B916-0C07-3543-B7CA-BA61D2FFEC21}
		{9B863CB8-F327-3723-84B4-54AA9E71F972} = {9B863CB8-F327-3723-84B4-54AA9E71F972}
		{615A5ABE-BF2B-3017-8831-D60013AB6C6B} = {615A5ABE-BF2B-3017-8831-D60013AB6C6B}
		{AF0EE77E-B199-318A-93C5-32A52D7282BD} = {AF0EE77E-B199-318A-93C5-32A52D7282BD}
		{683F2C93-DE79-3070-A9EF-252A09DD95F6} = {683F2C93-DE79-3070-A9EF-252A09DD95F6}
		{56016DA8-939B-3B7A-A410-3161E56294B7} = {56016DA8-939B-3B7A-A410-3161E56294B7}
		{530EF688-40F5-3C15-B4F0-047DFC92A304} = {530EF688-40F5-3C15-B4F0-047DFC92A304}
		{7F39756B-383E-340F-A216-2CF679364D2D} = {7F39756B-383E-340F-A216-2CF679364D2D}
		{7A8A431D-A228-3DBE-B2CB-9CDADBFE347E} = {7A8A431D-A228-3DBE-B2CB-9CDADBFE347E}
	EndProjectSection
EndProject
Project("{8BC9CEB8-8B4A-11D0-8D11-00A0C91BC942}") = "CopyIlmBaseLibs", "ext_build\openexr\CopyIlmBaseLibs.vcxproj", "{0022E611-E1D0-3914-9B2C-AE71AE870B49}"
	ProjectSection(ProjectDependencies) = postProject
		{C3BEC8A3-C9CA-39E3-B179-2021A06A2FEC} = {C3BEC8A3-C9CA-39E3-B179-2021A06A2FEC}
		{8B1C1CF8-81BB-3D40-B978-4B053A254878} = {8B1C1CF8-81BB-3D40-B978-4B053A254878}
		{24B60266-7A9F-3BC1-A72B-E2EEBB34290C} = {24B60266-7A9F-3BC1-A72B-E2EEBB34290C}
		{BFD5B72B-0848-3789-BCE0-F7466FE00C1E} = {BFD5B72B-0848-3789-BCE0-F7466FE00C1E}
		{33EA2FB2-660E-3A99-83D4-9A83D8A0C0D9} = {33EA2FB2-660E-3A99-83D4-9A83D8A0C0D9}
	EndProjectSection
EndProject
Project("{8BC9CEB8-8B4A-11D0-8D11-00A0C91BC942}") = "Half", "ext_build\openexr\IlmBase\Half\Half.vcxproj", "{C3BEC8A3-C9CA-39E3-B179-2021A06A2FEC}"
	ProjectSection(ProjectDependencies) = postProject
		{33EA2FB2-660E-3A99-83D4-9A83D8A0C0D9} = {33EA2FB2-660E-3A99-83D4-9A83D8A0C0D9}
		{D0C1B460-74DC-30AD-AC52-0B1F506CE22E} = {D0C1B460-74DC-30AD-AC52-0B1F506CE22E}
		{530EF688-40F5-3C15-B4F0-047DFC92A304} = {530EF688-40F5-3C15-B4F0-047DFC92A304}
	EndProjectSection
EndProject
Project("{8BC9CEB8-8B4A-11D0-8D11-00A0C91BC942}") = "INSTALL", "INSTALL.vcxproj", "{2198E3BF-D2EA-3952-8435-2F852DC5EF41}"
	ProjectSection(ProjectDependencies) = postProject
		{D36F2FDD-9E06-3B4A-8816-F2143F3005AC} = {D36F2FDD-9E06-3B4A-8816-F2143F3005AC}
		{33EA2FB2-660E-3A99-83D4-9A83D8A0C0D9} = {33EA2FB2-660E-3A99-83D4-9A83D8A0C0D9}
	EndProjectSection
EndProject
Project("{8BC9CEB8-8B4A-11D0-8D11-00A0C91BC942}") = "Iex", "ext_build\openexr\IlmBase\Iex\Iex.vcxproj", "{8B1C1CF8-81BB-3D40-B978-4B053A254878}"
	ProjectSection(ProjectDependencies) = postProject
		{33EA2FB2-660E-3A99-83D4-9A83D8A0C0D9} = {33EA2FB2-660E-3A99-83D4-9A83D8A0C0D9}
	EndProjectSection
EndProject
Project("{8BC9CEB8-8B4A-11D0-8D11-00A0C91BC942}") = "IexMath", "ext_build\openexr\IlmBase\IexMath\IexMath.vcxproj", "{2CA37290-A3C7-3CEC-AE8C-FDA320059D9C}"
	ProjectSection(ProjectDependencies) = postProject
		{8B1C1CF8-81BB-3D40-B978-4B053A254878} = {8B1C1CF8-81BB-3D40-B978-4B053A254878}
		{33EA2FB2-660E-3A99-83D4-9A83D8A0C0D9} = {33EA2FB2-660E-3A99-83D4-9A83D8A0C0D9}
	EndProjectSection
EndProject
Project("{8BC9CEB8-8B4A-11D0-8D11-00A0C91BC942}") = "IlmImf", "ext_build\openexr\OpenEXR\IlmImf\IlmImf.vcxproj", "{B2FBA2E8-91B7-3D7F-B155-936BAF434F2C}"
	ProjectSection(ProjectDependencies) = postProject
		{C3BEC8A3-C9CA-39E3-B179-2021A06A2FEC} = {C3BEC8A3-C9CA-39E3-B179-2021A06A2FEC}
		{8B1C1CF8-81BB-3D40-B978-4B053A254878} = {8B1C1CF8-81BB-3D40-B978-4B053A254878}
		{12867110-A598-3531-8F8E-04B724EDE355} = {12867110-A598-3531-8F8E-04B724EDE355}
		{24B60266-7A9F-3BC1-A72B-E2EEBB34290C} = {24B60266-7A9F-3BC1-A72B-E2EEBB34290C}
		{BFD5B72B-0848-3789-BCE0-F7466FE00C1E} = {BFD5B72B-0848-3789-BCE0-F7466FE00C1E}
		{33EA2FB2-660E-3A99-83D4-9A83D8A0C0D9} = {33EA2FB2-660E-3A99-83D4-9A83D8A0C0D9}
		{B8996CAB-8761-3297-B2F8-A91BA8457827} = {B8996CAB-8761-3297-B2F8-A91BA8457827}
		{7E20901F-925F-3896-B932-87CFB9177675} = {7E20901F-925F-3896-B932-87CFB9177675}
	EndProjectSection
EndProject
Project("{8BC9CEB8-8B4A-11D0-8D11-00A0C91BC942}") = "IlmImf-obj", "ext_build\openexr\OpenEXR\IlmImf\IlmImf-obj.vcxproj", "{12867110-A598-3531-8F8E-04B724EDE355}"
	ProjectSection(ProjectDependencies) = postProject
		{33EA2FB2-660E-3A99-83D4-9A83D8A0C0D9} = {33EA2FB2-660E-3A99-83D4-9A83D8A0C0D9}
	EndProjectSection
EndProject
Project("{8BC9CEB8-8B4A-11D0-8D11-00A0C91BC942}") = "IlmThread", "ext_build\openexr\IlmBase\IlmThread\IlmThread.vcxproj", "{24B60266-7A9F-3BC1-A72B-E2EEBB34290C}"
	ProjectSection(ProjectDependencies) = postProject
		{8B1C1CF8-81BB-3D40-B978-4B053A254878} = {8B1C1CF8-81BB-3D40-B978-4B053A254878}
		{33EA2FB2-660E-3A99-83D4-9A83D8A0C0D9} = {33EA2FB2-660E-3A99-83D4-9A83D8A0C0D9}
	EndProjectSection
EndProject
Project("{8BC9CEB8-8B4A-11D0-8D11-00A0C91BC942}") = "Imath", "ext_build\openexr\IlmBase\Imath\Imath.vcxproj", "{BFD5B72B-0848-3789-BCE0-F7466FE00C1E}"
	ProjectSection(ProjectDependencies) = postProject
		{8B1C1CF8-81BB-3D40-B978-4B053A254878} = {8B1C1CF8-81BB-3D40-B978-4B053A254878}
		{33EA2FB2-660E-3A99-83D4-9A83D8A0C0D9} = {33EA2FB2-660E-3A99-83D4-9A83D8A0C0D9}
	EndProjectSection
EndProject
Project("{8BC9CEB8-8B4A-11D0-8D11-00A0C91BC942}") = "PACKAGE", "PACKAGE.vcxproj", "{B56DFFC0-A221-390D-AC38-865614418DA6}"
	ProjectSection(ProjectDependencies) = postProject
		{D36F2FDD-9E06-3B4A-8816-F2143F3005AC} = {D36F2FDD-9E06-3B4A-8816-F2143F3005AC}
		{33EA2FB2-660E-3A99-83D4-9A83D8A0C0D9} = {33EA2FB2-660E-3A99-83D4-9A83D8A0C0D9}
	EndProjectSection
EndProject
Project("{8BC9CEB8-8B4A-11D0-8D11-00A0C91BC942}") = "ZERO_CHECK", "ZERO_CHECK.vcxproj", "{33EA2FB2-660E-3A99-83D4-9A83D8A0C0D9}"
	ProjectSection(ProjectDependencies) = postProject
	EndProjectSection
EndProject
Project("{8BC9CEB8-8B4A-11D0-8D11-00A0C91BC942}") = "b44ExpLogTable", "ext_build\openexr\OpenEXR\IlmImf\b44ExpLogTable.vcxproj", "{B8996CAB-8761-3297-B2F8-A91BA8457827}"
	ProjectSection(ProjectDependencies) = postProject
		{0022E611-E1D0-3914-9B2C-AE71AE870B49} = {0022E611-E1D0-3914-9B2C-AE71AE870B49}
		{C3BEC8A3-C9CA-39E3-B179-2021A06A2FEC} = {C3BEC8A3-C9CA-39E3-B179-2021A06A2FEC}
		{8B1C1CF8-81BB-3D40-B978-4B053A254878} = {8B1C1CF8-81BB-3D40-B978-4B053A254878}
		{24B60266-7A9F-3BC1-A72B-E2EEBB34290C} = {24B60266-7A9F-3BC1-A72B-E2EEBB34290C}
		{33EA2FB2-660E-3A99-83D4-9A83D8A0C0D9} = {33EA2FB2-660E-3A99-83D4-9A83D8A0C0D9}
	EndProjectSection
EndProject
Project("{8BC9CEB8-8B4A-11D0-8D11-00A0C91BC942}") = "dwaLookups", "ext_build\openexr\OpenEXR\IlmImf\dwaLookups.vcxproj", "{7E20901F-925F-3896-B932-87CFB9177675}"
	ProjectSection(ProjectDependencies) = postProject
		{0022E611-E1D0-3914-9B2C-AE71AE870B49} = {0022E611-E1D0-3914-9B2C-AE71AE870B49}
		{C3BEC8A3-C9CA-39E3-B179-2021A06A2FEC} = {C3BEC8A3-C9CA-39E3-B179-2021A06A2FEC}
		{8B1C1CF8-81BB-3D40-B978-4B053A254878} = {8B1C1CF8-81BB-3D40-B978-4B053A254878}
		{24B60266-7A9F-3BC1-A72B-E2EEBB34290C} = {24B60266-7A9F-3BC1-A72B-E2EEBB34290C}
		{33EA2FB2-660E-3A99-83D4-9A83D8A0C0D9} = {33EA2FB2-660E-3A99-83D4-9A83D8A0C0D9}
	EndProjectSection
EndProject
Project("{8BC9CEB8-8B4A-11D0-8D11-00A0C91BC942}") = "eLut", "ext_build\openexr\IlmBase\Half\eLut.vcxproj", "{D0C1B460-74DC-30AD-AC52-0B1F506CE22E}"
	ProjectSection(ProjectDependencies) = postProject
		{33EA2FB2-660E-3A99-83D4-9A83D8A0C0D9} = {33EA2FB2-660E-3A99-83D4-9A83D8A0C0D9}
	EndProjectSection
EndProject
Project("{8BC9CEB8-8B4A-11D0-8D11-00A0C91BC942}") = "glfw", "ext_build\nanogui\ext_build\glfw\src\glfw.vcxproj", "{41AC49A9-1012-3CB1-A6E4-D521E64F1F2B}"
	ProjectSection(ProjectDependencies) = postProject
		{33EA2FB2-660E-3A99-83D4-9A83D8A0C0D9} = {33EA2FB2-660E-3A99-83D4-9A83D8A0C0D9}
		{6675B916-0C07-3543-B7CA-BA61D2FFEC21} = {6675B916-0C07-3543-B7CA-BA61D2FFEC21}
	EndProjectSection
EndProject
Project("{8BC9CEB8-8B4A-11D0-8D11-00A0C91BC942}") = "glfw_objects", "ext_build\nanogui\ext_build\glfw\src\glfw_objects.vcxproj", "{6675B916-0C07-3543-B7CA-BA61D2FFEC21}"
	ProjectSection(ProjectDependencies) = postProject
		{33EA2FB2-660E-3A99-83D4-9A83D8A0C0D9} = {33EA2FB2-660E-3A99-83D4-9A83D8A0C0D9}
	EndProjectSection
EndProject
Project("{8BC9CEB8-8B4A-11D0-8D11-00A0C91BC942}") = "nanogui", "ext_build\nanogui\nanogui.vcxproj", "{9B863CB8-F327-3723-84B4-54AA9E71F972}"
	ProjectSection(ProjectDependencies) = postProject
		{33EA2FB2-660E-3A99-83D4-9A83D8A0C0D9} = {33EA2FB2-660E-3A99-83D4-9A83D8A0C0D9}
		{6675B916-0C07-3543-B7CA-BA61D2FFEC21} = {6675B916-0C07-3543-B7CA-BA61D2FFEC21}
		{615A5ABE-BF2B-3017-8831-D60013AB6C6B} = {615A5ABE-BF2B-3017-8831-D60013AB6C6B}
	EndProjectSection
EndProject
Project("{8BC9CEB8-8B4A-11D0-8D11-00A0C91BC942}") = "nanogui-obj", "ext_build\nanogui\nanogui-obj.vcxproj", "{615A5ABE-BF2B-3017-8831-D60013AB6C6B}"
	ProjectSection(ProjectDependencies) = postProject
		{33EA2FB2-660E-3A99-83D4-9A83D8A0C0D9} = {33EA2FB2-660E-3A99-83D4-9A83D8A0C0D9}
	EndProjectSection
EndProject
Project("{8BC9CEB8-8B4A-11D0-8D11-00A0C91BC942}") = "nori", "nori.vcxproj", "{AF0EE77E-B199-318A-93C5-32A52D7282BD}"
	ProjectSection(ProjectDependencies) = postProject
		{C3BEC8A3-C9CA-39E3-B179-2021A06A2FEC} = {C3BEC8A3-C9CA-39E3-B179-2021A06A2FEC}
		{8B1C1CF8-81BB-3D40-B978-4B053A254878} = {8B1C1CF8-81BB-3D40-B978-4B053A254878}
		{B2FBA2E8-91B7-3D7F-B155-936BAF434F2C} = {B2FBA2E8-91B7-3D7F-B155-936BAF434F2C}
		{24B60266-7A9F-3BC1-A72B-E2EEBB34290C} = {24B60266-7A9F-3BC1-A72B-E2EEBB34290C}
		{BFD5B72B-0848-3789-BCE0-F7466FE00C1E} = {BFD5B72B-0848-3789-BCE0-F7466FE00C1E}
		{33EA2FB2-660E-3A99-83D4-9A83D8A0C0D9} = {33EA2FB2-660E-3A99-83D4-9A83D8A0C0D9}
		{9B863CB8-F327-3723-84B4-54AA9E71F972} = {9B863CB8-F327-3723-84B4-54AA9E71F972}
		{683F2C93-DE79-3070-A9EF-252A09DD95F6} = {683F2C93-DE79-3070-A9EF-252A09DD95F6}
		{56016DA8-939B-3B7A-A410-3161E56294B7} = {56016DA8-939B-3B7A-A410-3161E56294B7}
		{7A8A431D-A228-3DBE-B2CB-9CDADBFE347E} = {7A8A431D-A228-3DBE-B2CB-9CDADBFE347E}
	EndProjectSection
EndProject
Project("{8BC9CEB8-8B4A-11D0-8D11-00A0C91BC942}") = "pugixml", "ext_build\pugixml.vcxproj", "{683F2C93-DE79-3070-A9EF-252A09DD95F6}"
	ProjectSection(ProjectDependencies) = postProject
		{33EA2FB2-660E-3A99-83D4-9A83D8A0C0D9} = {33EA2FB2-660E-3A99-83D4-9A83D8A0C0D9}
	EndProjectSection
EndProject
Project("{8BC9CEB8-8B4A-11D0-8D11-00A0C91BC942}") = "tbb_def_files", "ext_build\tbb\tbb_def_files.vcxproj", "{C37F0659-C577-3D75-93C4-C2F2354D2D38}"
	ProjectSection(ProjectDependencies) = postProject
		{33EA2FB2-660E-3A99-83D4-9A83D8A0C0D9} = {33EA2FB2-660E-3A99-83D4-9A83D8A0C0D9}
	EndProjectSection
EndProject
Project("{8BC9CEB8-8B4A-11D0-8D11-00A0C91BC942}") = "tbb_static", "ext_build\tbb\tbb_static.vcxproj", "{56016DA8-939B-3B7A-A410-3161E56294B7}"
	ProjectSection(ProjectDependencies) = postProject
		{33EA2FB2-660E-3A99-83D4-9A83D8A0C0D9} = {33EA2FB2-660E-3A99-83D4-9A83D8A0C0D9}
	EndProjectSection
EndProject
Project("{8BC9CEB8-8B4A-11D0-8D11-00A0C91BC942}") = "toFloat", "ext_build\openexr\IlmBase\Half\toFloat.vcxproj", "{530EF688-40F5-3C15-B4F0-047DFC92A304}"
	ProjectSection(ProjectDependencies) = postProject
		{33EA2FB2-660E-3A99-83D4-9A83D8A0C0D9} = {33EA2FB2-660E-3A99-83D4-9A83D8A0C0D9}
	EndProjectSection
EndProject
Project("{8BC9CEB8-8B4A-11D0-8D11-00A0C91BC942}") = "warptest", "warptest.vcxproj", "{7F39756B-383E-340F-A216-2CF679364D2D}"
	ProjectSection(ProjectDependencies) = postProject
		{33EA2FB2-660E-3A99-83D4-9A83D8A0C0D9} = {33EA2FB2-660E-3A99-83D4-9A83D8A0C0D9}
		{9B863CB8-F327-3723-84B4-54AA9E71F972} = {9B863CB8-F327-3723-84B4-54AA9E71F972}
		{56016DA8-939B-3B7A-A410-3161E56294B7} = {56016DA8-939B-3B7A-A410-3161E56294B7}
	EndProjectSection
EndProject
Project("{8BC9CEB8-8B4A-11D0-8D11-00A0C91BC942}") = "zlibstatic", "ext_build\zlib\zlibstatic.vcxproj", "{7A8A431D-A228-3DBE-B2CB-9CDADBFE347E}"
	ProjectSection(ProjectDependencies) = postProject
		{33EA2FB2-660E-3A99-83D4-9A83D8A0C0D9} = {33EA2FB2-660E-3A99-83D4-9A83D8A0C0D9}
	EndProjectSection
EndProject
Global
	GlobalSection(SolutionConfigurationPlatforms) = preSolution
		Debug|x64 = Debug|x64
		Release|x64 = Release|x64
		MinSizeRel|x64 = MinSizeRel|x64
		RelWithDebInfo|x64 = RelWithDebInfo|x64
	EndGlobalSection
	GlobalSection(ProjectConfigurationPlatforms) = postSolution
		{D36F2FDD-9E06-3B4A-8816-F2143F3005AC}.Debug|x64.ActiveCfg = Debug|x64
		{D36F2FDD-9E06-3B4A-8816-F2143F3005AC}.Debug|x64.Build.0 = Debug|x64
		{D36F2FDD-9E06-3B4A-8816-F2143F3005AC}.Release|x64.ActiveCfg = Release|x64
		{D36F2FDD-9E06-3B4A-8816-F2143F3005AC}.Release|x64.Build.0 = Release|x64
		{D36F2FDD-9E06-3B4A-8816-F2143F3005AC}.MinSizeRel|x64.ActiveCfg = MinSizeRel|x64
		{D36F2FDD-9E06-3B4A-8816-F2143F3005AC}.MinSizeRel|x64.Build.0 = MinSizeRel|x64
		{D36F2FDD-9E06-3B4A-8816-F2143F3005AC}.RelWithDebInfo|x64.ActiveCfg = RelWithDebInfo|x64
		{D36F2FDD-9E06-3B4A-8816-F2143F3005AC}.RelWithDebInfo|x64.Build.0 = RelWithDebInfo|x64
		{0022E611-E1D0-3914-9B2C-AE71AE870B49}.Debug|x64.ActiveCfg = Debug|x64
		{0022E611-E1D0-3914-9B2C-AE71AE870B49}.Debug|x64.Build.0 = Debug|x64
		{0022E611-E1D0-3914-9B2C-AE71AE870B49}.Release|x64.ActiveCfg = Release|x64
		{0022E611-E1D0-3914-9B2C-AE71AE870B49}.Release|x64.Build.0 = Release|x64
		{0022E611-E1D0-3914-9B2C-AE71AE870B49}.MinSizeRel|x64.ActiveCfg = MinSizeRel|x64
		{0022E611-E1D0-3914-9B2C-AE71AE870B49}.MinSizeRel|x64.Build.0 = MinSizeRel|x64
		{0022E611-E1D0-3914-9B2C-AE71AE870B49}.RelWithDebInfo|x64.ActiveCfg = RelWithDebInfo|x64
		{0022E611-E1D0-3914-9B2C-AE71AE870B49}.RelWithDebInfo|x64.Build.0 = RelWithDebInfo|x64
		{C3BEC8A3-C9CA-39E3-B179-2021A06A2FEC}.Debug|x64.ActiveCfg = Debug|x64
		{C3BEC8A3-C9CA-39E3-B179-2021A06A2FEC}.Debug|x64.Build.0 = Debug|x64
		{C3BEC8A3-C9CA-39E3-B179-2021A06A2FEC}.Release|x64.ActiveCfg = Release|x64
		{C3BEC8A3-C9CA-39E3-B179-2021A06A2FEC}.Release|x64.Build.0 = Release|x64
		{C3BEC8A3-C9CA-39E3-B179-2021A06A2FEC}.MinSizeRel|x64.ActiveCfg = MinSizeRel|x64
		{C3BEC8A3-C9CA-39E3-B179-2021A06A2FEC}.MinSizeRel|x64.Build.0 = MinSizeRel|x64
		{C3BEC8A3-C9CA-39E3-B179-2021A06A2FEC}.RelWithDebInfo|x64.ActiveCfg = RelWithDebInfo|x64
		{C3BEC8A3-C9CA-39E3-B179-2021A06A2FEC}.RelWithDebInfo|x64.Build.0 = RelWithDebInfo|x64
		{2198E3BF-D2EA-3952-8435-2F852DC5EF41}.Debug|x64.ActiveCfg = Debug|x64
		{2198E3BF-D2EA-3952-8435-2F852DC5EF41}.Release|x64.ActiveCfg = Release|x64
		{2198E3BF-D2EA-3952-8435-2F852DC5EF41}.MinSizeRel|x64.ActiveCfg = MinSizeRel|x64
		{2198E3BF-D2EA-3952-8435-2F852DC5EF41}.RelWithDebInfo|x64.ActiveCfg = RelWithDebInfo|x64
		{8B1C1CF8-81BB-3D40-B978-4B053A254878}.Debug|x64.ActiveCfg = Debug|x64
		{8B1C1CF8-81BB-3D40-B978-4B053A254878}.Debug|x64.Build.0 = Debug|x64
		{8B1C1CF8-81BB-3D40-B978-4B053A254878}.Release|x64.ActiveCfg = Release|x64
		{8B1C1CF8-81BB-3D40-B978-4B053A254878}.Release|x64.Build.0 = Release|x64
		{8B1C1CF8-81BB-3D40-B978-4B053A254878}.MinSizeRel|x64.ActiveCfg = MinSizeRel|x64
		{8B1C1CF8-81BB-3D40-B978-4B053A254878}.MinSizeRel|x64.Build.0 = MinSizeRel|x64
		{8B1C1CF8-81BB-3D40-B978-4B053A254878}.RelWithDebInfo|x64.ActiveCfg = RelWithDebInfo|x64
		{8B1C1CF8-81BB-3D40-B978-4B053A254878}.RelWithDebInfo|x64.Build.0 = RelWithDebInfo|x64
		{2CA37290-A3C7-3CEC-AE8C-FDA320059D9C}.Debug|x64.ActiveCfg = Debug|x64
		{2CA37290-A3C7-3CEC-AE8C-FDA320059D9C}.Debug|x64.Build.0 = Debug|x64
		{2CA37290-A3C7-3CEC-AE8C-FDA320059D9C}.Release|x64.ActiveCfg = Release|x64
		{2CA37290-A3C7-3CEC-AE8C-FDA320059D9C}.Release|x64.Build.0 = Release|x64
		{2CA37290-A3C7-3CEC-AE8C-FDA320059D9C}.MinSizeRel|x64.ActiveCfg = MinSizeRel|x64
		{2CA37290-A3C7-3CEC-AE8C-FDA320059D9C}.MinSizeRel|x64.Build.0 = MinSizeRel|x64
		{2CA37290-A3C7-3CEC-AE8C-FDA320059D9C}.RelWithDebInfo|x64.ActiveCfg = RelWithDebInfo|x64
		{2CA37290-A3C7-3CEC-AE8C-FDA320059D9C}.RelWithDebInfo|x64.Build.0 = RelWithDebInfo|x64
		{B2FBA2E8-91B7-3D7F-B155-936BAF434F2C}.Debug|x64.ActiveCfg = Debug|x64
		{B2FBA2E8-91B7-3D7F-B155-936BAF434F2C}.Debug|x64.Build.0 = Debug|x64
		{B2FBA2E8-91B7-3D7F-B155-936BAF434F2C}.Release|x64.ActiveCfg = Release|x64
		{B2FBA2E8-91B7-3D7F-B155-936BAF434F2C}.Release|x64.Build.0 = Release|x64
		{B2FBA2E8-91B7-3D7F-B155-936BAF434F2C}.MinSizeRel|x64.ActiveCfg = MinSizeRel|x64
		{B2FBA2E8-91B7-3D7F-B155-936BAF434F2C}.MinSizeRel|x64.Build.0 = MinSizeRel|x64
		{B2FBA2E8-91B7-3D7F-B155-936BAF434F2C}.RelWithDebInfo|x64.ActiveCfg = RelWithDebInfo|x64
		{B2FBA2E8-91B7-3D7F-B155-936BAF434F2C}.RelWithDebInfo|x64.Build.0 = RelWithDebInfo|x64
		{12867110-A598-3531-8F8E-04B724EDE355}.Debug|x64.ActiveCfg = Debug|x64
		{12867110-A598-3531-8F8E-04B724EDE355}.Debug|x64.Build.0 = Debug|x64
		{12867110-A598-3531-8F8E-04B724EDE355}.Release|x64.ActiveCfg = Release|x64
		{12867110-A598-3531-8F8E-04B724EDE355}.Release|x64.Build.0 = Release|x64
		{12867110-A598-3531-8F8E-04B724EDE355}.MinSizeRel|x64.ActiveCfg = MinSizeRel|x64
		{12867110-A598-3531-8F8E-04B724EDE355}.MinSizeRel|x64.Build.0 = MinSizeRel|x64
		{12867110-A598-3531-8F8E-04B724EDE355}.RelWithDebInfo|x64.ActiveCfg = RelWithDebInfo|x64
		{12867110-A598-3531-8F8E-04B724EDE355}.RelWithDebInfo|x64.Build.0 = RelWithDebInfo|x64
		{24B60266-7A9F-3BC1-A72B-E2EEBB34290C}.Debug|x64.ActiveCfg = Debug|x64
		{24B60266-7A9F-3BC1-A72B-E2EEBB34290C}.Debug|x64.Build.0 = Debug|x64
		{24B60266-7A9F-3BC1-A72B-E2EEBB34290C}.Release|x64.ActiveCfg = Release|x64
		{24B60266-7A9F-3BC1-A72B-E2EEBB34290C}.Release|x64.Build.0 = Release|x64
		{24B60266-7A9F-3BC1-A72B-E2EEBB34290C}.MinSizeRel|x64.ActiveCfg = MinSizeRel|x64
		{24B60266-7A9F-3BC1-A72B-E2EEBB34290C}.MinSizeRel|x64.Build.0 = MinSizeRel|x64
		{24B60266-7A9F-3BC1-A72B-E2EEBB34290C}.RelWithDebInfo|x64.ActiveCfg = RelWithDebInfo|x64
		{24B60266-7A9F-3BC1-A72B-E2EEBB34290C}.RelWithDebInfo|x64.Build.0 = RelWithDebInfo|x64
		{BFD5B72B-0848-3789-BCE0-F7466FE00C1E}.Debug|x64.ActiveCfg = Debug|x64
		{BFD5B72B-0848-3789-BCE0-F7466FE00C1E}.Debug|x64.Build.0 = Debug|x64
		{BFD5B72B-0848-3789-BCE0-F7466FE00C1E}.Release|x64.ActiveCfg = Release|x64
		{BFD5B72B-0848-3789-BCE0-F7466FE00C1E}.Release|x64.Build.0 = Release|x64
		{BFD5B72B-0848-3789-BCE0-F7466FE00C1E}.MinSizeRel|x64.ActiveCfg = MinSizeRel|x64
		{BFD5B72B-0848-3789-BCE0-F7466FE00C1E}.MinSizeRel|x64.Build.0 = MinSizeRel|x64
		{BFD5B72B-0848-3789-BCE0-F7466FE00C1E}.RelWithDebInfo|x64.ActiveCfg = RelWithDebInfo|x64
		{BFD5B72B-0848-3789-BCE0-F7466FE00C1E}.RelWithDebInfo|x64.Build.0 = RelWithDebInfo|x64
		{B56DFFC0-A221-390D-AC38-865614418DA6}.Debug|x64.ActiveCfg = Debug|x64
		{B56DFFC0-A221-390D-AC38-865614418DA6}.Release|x64.ActiveCfg = Release|x64
		{B56DFFC0-A221-390D-AC38-865614418DA6}.MinSizeRel|x64.ActiveCfg = MinSizeRel|x64
		{B56DFFC0-A221-390D-AC38-865614418DA6}.RelWithDebInfo|x64.ActiveCfg = RelWithDebInfo|x64
		{33EA2FB2-660E-3A99-83D4-9A83D8A0C0D9}.Debug|x64.ActiveCfg = Debug|x64
		{33EA2FB2-660E-3A99-83D4-9A83D8A0C0D9}.Debug|x64.Build.0 = Debug|x64
		{33EA2FB2-660E-3A99-83D4-9A83D8A0C0D9}.Release|x64.ActiveCfg = Release|x64
		{33EA2FB2-660E-3A99-83D4-9A83D8A0C0D9}.Release|x64.Build.0 = Release|x64
		{33EA2FB2-660E-3A99-83D4-9A83D8A0C0D9}.MinSizeRel|x64.ActiveCfg = MinSizeRel|x64
		{33EA2FB2-660E-3A99-83D4-9A83D8A0C0D9}.MinSizeRel|x64.Build.0 = MinSizeRel|x64
		{33EA2FB2-660E-3A99-83D4-9A83D8A0C0D9}.RelWithDebInfo|x64.ActiveCfg = RelWithDebInfo|x64
		{33EA2FB2-660E-3A99-83D4-9A83D8A0C0D9}.RelWithDebInfo|x64.Build.0 = RelWithDebInfo|x64
		{B8996CAB-8761-3297-B2F8-A91BA8457827}.Debug|x64.ActiveCfg = Debug|x64
		{B8996CAB-8761-3297-B2F8-A91BA8457827}.Debug|x64.Build.0 = Debug|x64
		{B8996CAB-8761-3297-B2F8-A91BA8457827}.Release|x64.ActiveCfg = Release|x64
		{B8996CAB-8761-3297-B2F8-A91BA8457827}.Release|x64.Build.0 = Release|x64
		{B8996CAB-8761-3297-B2F8-A91BA8457827}.MinSizeRel|x64.ActiveCfg = MinSizeRel|x64
		{B8996CAB-8761-3297-B2F8-A91BA8457827}.MinSizeRel|x64.Build.0 = MinSizeRel|x64
		{B8996CAB-8761-3297-B2F8-A91BA8457827}.RelWithDebInfo|x64.ActiveCfg = RelWithDebInfo|x64
		{B8996CAB-8761-3297-B2F8-A91BA8457827}.RelWithDebInfo|x64.Build.0 = RelWithDebInfo|x64
		{7E20901F-925F-3896-B932-87CFB9177675}.Debug|x64.ActiveCfg = Debug|x64
		{7E20901F-925F-3896-B932-87CFB9177675}.Debug|x64.Build.0 = Debug|x64
		{7E20901F-925F-3896-B932-87CFB9177675}.Release|x64.ActiveCfg = Release|x64
		{7E20901F-925F-3896-B932-87CFB9177675}.Release|x64.Build.0 = Release|x64
		{7E20901F-925F-3896-B932-87CFB9177675}.MinSizeRel|x64.ActiveCfg = MinSizeRel|x64
		{7E20901F-925F-3896-B932-87CFB9177675}.MinSizeRel|x64.Build.0 = MinSizeRel|x64
		{7E20901F-925F-3896-B932-87CFB9177675}.RelWithDebInfo|x64.ActiveCfg = RelWithDebInfo|x64
		{7E20901F-925F-3896-B932-87CFB9177675}.RelWithDebInfo|x64.Build.0 = RelWithDebInfo|x64
		{D0C1B460-74DC-30AD-AC52-0B1F506CE22E}.Debug|x64.ActiveCfg = Debug|x64
		{D0C1B460-74DC-30AD-AC52-0B1F506CE22E}.Debug|x64.Build.0 = Debug|x64
		{D0C1B460-74DC-30AD-AC52-0B1F506CE22E}.Release|x64.ActiveCfg = Release|x64
		{D0C1B460-74DC-30AD-AC52-0B1F506CE22E}.Release|x64.Build.0 = Release|x64
		{D0C1B460-74DC-30AD-AC52-0B1F506CE22E}.MinSizeRel|x64.ActiveCfg = MinSizeRel|x64
		{D0C1B460-74DC-30AD-AC52-0B1F506CE22E}.MinSizeRel|x64.Build.0 = MinSizeRel|x64
		{D0C1B460-74DC-30AD-AC52-0B1F506CE22E}.RelWithDebInfo|x64.ActiveCfg = RelWithDebInfo|x64
		{D0C1B460-74DC-30AD-AC52-0B1F506CE22E}.RelWithDebInfo|x64.Build.0 = RelWithDebInfo|x64
		{41AC49A9-1012-3CB1-A6E4-D521E64F1F2B}.Debug|x64.ActiveCfg = Debug|x64
		{41AC49A9-1012-3CB1-A6E4-D521E64F1F2B}.Release|x64.ActiveCfg = Release|x64
		{41AC49A9-1012-3CB1-A6E4-D521E64F1F2B}.MinSizeRel|x64.ActiveCfg = MinSizeRel|x64
		{41AC49A9-1012-3CB1-A6E4-D521E64F1F2B}.RelWithDebInfo|x64.ActiveCfg = RelWithDebInfo|x64
		{6675B916-0C07-3543-B7CA-BA61D2FFEC21}.Debug|x64.ActiveCfg = Debug|x64
		{6675B916-0C07-3543-B7CA-BA61D2FFEC21}.Debug|x64.Build.0 = Debug|x64
		{6675B916-0C07-3543-B7CA-BA61D2FFEC21}.Release|x64.ActiveCfg = Release|x64
		{6675B916-0C07-3543-B7CA-BA61D2FFEC21}.Release|x64.Build.0 = Release|x64
		{6675B916-0C07-3543-B7CA-BA61D2FFEC21}.MinSizeRel|x64.ActiveCfg = MinSizeRel|x64
		{6675B916-0C07-3543-B7CA-BA61D2FFEC21}.MinSizeRel|x64.Build.0 = MinSizeRel|x64
		{6675B916-0C07-3543-B7CA-BA61D2FFEC21}.RelWithDebInfo|x64.ActiveCfg = RelWithDebInfo|x64
		{6675B916-0C07-3543-B7CA-BA61D2FFEC21}.RelWithDebInfo|x64.Build.0 = RelWithDebInfo|x64
		{9B863CB8-F327-3723-84B4-54AA9E71F972}.Debug|x64.ActiveCfg = Debug|x64
		{9B863CB8-F327-3723-84B4-54AA9E71F972}.Debug|x64.Build.0 = Debug|x64
		{9B863CB8-F327-3723-84B4-54AA9E71F972}.Release|x64.ActiveCfg = Release|x64
		{9B863CB8-F327-3723-84B4-54AA9E71F972}.Release|x64.Build.0 = Release|x64
		{9B863CB8-F327-3723-84B4-54AA9E71F972}.MinSizeRel|x64.ActiveCfg = MinSizeRel|x64
		{9B863CB8-F327-3723-84B4-54AA9E71F972}.MinSizeRel|x64.Build.0 = MinSizeRel|x64
		{9B863CB8-F327-3723-84B4-54AA9E71F972}.RelWithDebInfo|x64.ActiveCfg = RelWithDebInfo|x64
		{9B863CB8-F327-3723-84B4-54AA9E71F972}.RelWithDebInfo|x64.Build.0 = RelWithDebInfo|x64
		{615A5ABE-BF2B-3017-8831-D60013AB6C6B}.Debug|x64.ActiveCfg = Debug|x64
		{615A5ABE-BF2B-3017-8831-D60013AB6C6B}.Debug|x64.Build.0 = Debug|x64
		{615A5ABE-BF2B-3017-8831-D60013AB6C6B}.Release|x64.ActiveCfg = Release|x64
		{615A5ABE-BF2B-3017-8831-D60013AB6C6B}.Release|x64.Build.0 = Release|x64
		{615A5ABE-BF2B-3017-8831-D60013AB6C6B}.MinSizeRel|x64.ActiveCfg = MinSizeRel|x64
		{615A5ABE-BF2B-3017-8831-D60013AB6C6B}.MinSizeRel|x64.Build.0 = MinSizeRel|x64
		{615A5ABE-BF2B-3017-8831-D60013AB6C6B}.RelWithDebInfo|x64.ActiveCfg = RelWithDebInfo|x64
		{615A5ABE-BF2B-3017-8831-D60013AB6C6B}.RelWithDebInfo|x64.Build.0 = RelWithDebInfo|x64
		{AF0EE77E-B199-318A-93C5-32A52D7282BD}.Debug|x64.ActiveCfg = Debug|x64
		{AF0EE77E-B199-318A-93C5-32A52D7282BD}.Debug|x64.Build.0 = Debug|x64
		{AF0EE77E-B199-318A-93C5-32A52D7282BD}.Release|x64.ActiveCfg = Release|x64
		{AF0EE77E-B199-318A-93C5-32A52D7282BD}.Release|x64.Build.0 = Release|x64
		{AF0EE77E-B199-318A-93C5-32A52D7282BD}.MinSizeRel|x64.ActiveCfg = MinSizeRel|x64
		{AF0EE77E-B199-318A-93C5-32A52D7282BD}.MinSizeRel|x64.Build.0 = MinSizeRel|x64
		{AF0EE77E-B199-318A-93C5-32A52D7282BD}.RelWithDebInfo|x64.ActiveCfg = RelWithDebInfo|x64
		{AF0EE77E-B199-318A-93C5-32A52D7282BD}.RelWithDebInfo|x64.Build.0 = RelWithDebInfo|x64
		{683F2C93-DE79-3070-A9EF-252A09DD95F6}.Debug|x64.ActiveCfg = Debug|x64
		{683F2C93-DE79-3070-A9EF-252A09DD95F6}.Debug|x64.Build.0 = Debug|x64
		{683F2C93-DE79-3070-A9EF-252A09DD95F6}.Release|x64.ActiveCfg = Release|x64
		{683F2C93-DE79-3070-A9EF-252A09DD95F6}.Release|x64.Build.0 = Release|x64
		{683F2C93-DE79-3070-A9EF-252A09DD95F6}.MinSizeRel|x64.ActiveCfg = MinSizeRel|x64
		{683F2C93-DE79-3070-A9EF-252A09DD95F6}.MinSizeRel|x64.Build.0 = MinSizeRel|x64
		{683F2C93-DE79-3070-A9EF-252A09DD95F6}.RelWithDebInfo|x64.ActiveCfg = RelWithDebInfo|x64
		{683F2C93-DE79-3070-A9EF-252A09DD95F6}.RelWithDebInfo|x64.Build.0 = RelWithDebInfo|x64
		{C37F0659-C577-3D75-93C4-C2F2354D2D38}.Debug|x64.ActiveCfg = Debug|x64
		{C37F0659-C577-3D75-93C4-C2F2354D2D38}.Release|x64.ActiveCfg = Release|x64
		{C37F0659-C577-3D75-93C4-C2F2354D2D38}.MinSizeRel|x64.ActiveCfg = MinSizeRel|x64
		{C37F0659-C577-3D75-93C4-C2F2354D2D38}.RelWithDebInfo|x64.ActiveCfg = RelWithDebInfo|x64
		{56016DA8-939B-3B7A-A410-3161E56294B7}.Debug|x64.ActiveCfg = Debug|x64
		{56016DA8-939B-3B7A-A410-3161E56294B7}.Debug|x64.Build.0 = Debug|x64
		{56016DA8-939B-3B7A-A410-3161E56294B7}.Release|x64.ActiveCfg = Release|x64
		{56016DA8-939B-3B7A-A410-3161E56294B7}.Release|x64.Build.0 = Release|x64
		{56016DA8-939B-3B7A-A410-3161E56294B7}.MinSizeRel|x64.ActiveCfg = MinSizeRel|x64
		{56016DA8-939B-3B7A-A410-3161E56294B7}.MinSizeRel|x64.Build.0 = MinSizeRel|x64
		{56016DA8-939B-3B7A-A410-3161E56294B7}.RelWithDebInfo|x64.ActiveCfg = RelWithDebInfo|x64
		{56016DA8-939B-3B7A-A410-3161E56294B7}.RelWithDebInfo|x64.Build.0 = RelWithDebInfo|x64
		{530EF688-40F5-3C15-B4F0-047DFC92A304}.Debug|x64.ActiveCfg = Debug|x64
		{530EF688-40F5-3C15-B4F0-047DFC92A304}.Debug|x64.Build.0 = Debug|x64
		{530EF688-40F5-3C15-B4F0-047DFC92A304}.Release|x64.ActiveCfg = Release|x64
		{530EF688-40F5-3C15-B4F0-047DFC92A304}.Release|x64.Build.0 = Release|x64
		{530EF688-40F5-3C15-B4F0-047DFC92A304}.MinSizeRel|x64.ActiveCfg = MinSizeRel|x64
		{530EF688-40F5-3C15-B4F0-047DFC92A304}.MinSizeRel|x64.Build.0 = MinSizeRel|x64
		{530EF688-40F5-3C15-B4F0-047DFC92A304}.RelWithDebInfo|x64.ActiveCfg = RelWithDebInfo|x64
		{530EF688-40F5-3C15-B4F0-047DFC92A304}.RelWithDebInfo|x64.Build.0 = RelWithDebInfo|x64
		{7F39756B-383E-340F-A216-2CF679364D2D}.Debug|x64.ActiveCfg = Debug|x64
		{7F39756B-383E-340F-A216-2CF679364D2D}.Debug|x64.Build.0 = Debug|x64
		{7F39756B-383E-340F-A216-2CF679364D2D}.Release|x64.ActiveCfg = Release|x64
		{7F39756B-383E-340F-A216-2CF679364D2D}.Release|x64.Build.0 = Release|x64
		{7F39756B-383E-340F-A216-2CF679364D2D}.MinSizeRel|x64.ActiveCfg = MinSizeRel|x64
		{7F39756B-383E-340F-A216-2CF679364D2D}.MinSizeRel|x64.Build.0 = MinSizeRel|x64
		{7F39756B-383E-340F-A216-2CF679364D2D}.RelWithDebInfo|x64.ActiveCfg = RelWithDebInfo|x64
		{7F39756B-383E-340F-A216-2CF679364D2D}.RelWithDebInfo|x64.Build.0 = RelWithDebInfo|x64
		{7A8A431D-A228-3DBE-B2CB-9CDADBFE347E}.Debug|x64.ActiveCfg = Debug|x64
		{7A8A431D-A228-3DBE-B2CB-9CDADBFE347E}.Debug|x64.Build.0 = Debug|x64
		{7A8A431D-A228-3DBE-B2CB-9CDADBFE347E}.Release|x64.ActiveCfg = Release|x64
		{7A8A431D-A228-3DBE-B2CB-9CDADBFE347E}.Release|x64.Build.0 = Release|x64
		{7A8A431D-A228-3DBE-B2CB-9CDADBFE347E}.MinSizeRel|x64.ActiveCfg = MinSizeRel|x64
		{7A8A431D-A228-3DBE-B2CB-9CDADBFE347E}.MinSizeRel|x64.Build.0 = MinSizeRel|x64
		{7A8A431D-A228-3DBE-B2CB-9CDADBFE347E}.RelWithDebInfo|x64.ActiveCfg = RelWithDebInfo|x64
		{7A8A431D-A228-3DBE-B2CB-9CDADBFE347E}.RelWithDebInfo|x64.Build.0 = RelWithDebInfo|x64
	EndGlobalSection
	GlobalSection(NestedProjects) = preSolution
		{D36F2FDD-9E06-3B4A-8816-F2143F3005AC} = {00E40268-3405-327C-AE85-1F6994CF1129}
		{2198E3BF-D2EA-3952-8435-2F852DC5EF41} = {00E40268-3405-327C-AE85-1F6994CF1129}
		{B56DFFC0-A221-390D-AC38-865614418DA6} = {00E40268-3405-327C-AE85-1F6994CF1129}
		{33EA2FB2-660E-3A99-83D4-9A83D8A0C0D9} = {00E40268-3405-327C-AE85-1F6994CF1129}
		{0022E611-E1D0-3914-9B2C-AE71AE870B49} = {9752FCB1-E6D0-38A7-8E9A-1DFEAFB02450}
		{C3BEC8A3-C9CA-39E3-B179-2021A06A2FEC} = {9752FCB1-E6D0-38A7-8E9A-1DFEAFB02450}
		{8B1C1CF8-81BB-3D40-B978-4B053A254878} = {9752FCB1-E6D0-38A7-8E9A-1DFEAFB02450}
		{2CA37290-A3C7-3CEC-AE8C-FDA320059D9C} = {9752FCB1-E6D0-38A7-8E9A-1DFEAFB02450}
		{B2FBA2E8-91B7-3D7F-B155-936BAF434F2C} = {9752FCB1-E6D0-38A7-8E9A-1DFEAFB02450}
		{24B60266-7A9F-3BC1-A72B-E2EEBB34290C} = {9752FCB1-E6D0-38A7-8E9A-1DFEAFB02450}
		{BFD5B72B-0848-3789-BCE0-F7466FE00C1E} = {9752FCB1-E6D0-38A7-8E9A-1DFEAFB02450}
		{B8996CAB-8761-3297-B2F8-A91BA8457827} = {9752FCB1-E6D0-38A7-8E9A-1DFEAFB02450}
		{7E20901F-925F-3896-B932-87CFB9177675} = {9752FCB1-E6D0-38A7-8E9A-1DFEAFB02450}
		{D0C1B460-74DC-30AD-AC52-0B1F506CE22E} = {9752FCB1-E6D0-38A7-8E9A-1DFEAFB02450}
		{41AC49A9-1012-3CB1-A6E4-D521E64F1F2B} = {9752FCB1-E6D0-38A7-8E9A-1DFEAFB02450}
		{6675B916-0C07-3543-B7CA-BA61D2FFEC21} = {9752FCB1-E6D0-38A7-8E9A-1DFEAFB02450}
		{9B863CB8-F327-3723-84B4-54AA9E71F972} = {9752FCB1-E6D0-38A7-8E9A-1DFEAFB02450}
		{615A5ABE-BF2B-3017-8831-D60013AB6C6B} = {9752FCB1-E6D0-38A7-8E9A-1DFEAFB02450}
		{683F2C93-DE79-3070-A9EF-252A09DD95F6} = {9752FCB1-E6D0-38A7-8E9A-1DFEAFB02450}
		{C37F0659-C577-3D75-93C4-C2F2354D2D38} = {9752FCB1-E6D0-38A7-8E9A-1DFEAFB02450}
		{56016DA8-939B-3B7A-A410-3161E56294B7} = {9752FCB1-E6D0-38A7-8E9A-1DFEAFB02450}
		{530EF688-40F5-3C15-B4F0-047DFC92A304} = {9752FCB1-E6D0-38A7-8E9A-1DFEAFB02450}
		{7A8A431D-A228-3DBE-B2CB-9CDADBFE347E} = {9752FCB1-E6D0-38A7-8E9A-1DFEAFB02450}
	EndGlobalSection
	GlobalSection(ExtensibilityGlobals) = postSolution
		SolutionGuid = {E047395A-66AB-3E1F-AD2D-17A742C466E4}
	EndGlobalSection
	GlobalSection(ExtensibilityAddIns) = postSolution
	EndGlobalSection
EndGlobal
