<?xml version="1.0" encoding="utf-8"?>
<Project ToolsVersion="17.0" xmlns="http://schemas.microsoft.com/developer/msbuild/2003">
  <ItemGroup>
    <ClCompile Include="E:\MASTER\Asignaturas\Segundo_Semestre\Rendering_Avanzado_I\Nori\nori-master\src\bitmap.cpp">
      <Filter>Source Files</Filter>
    </ClCompile>
    <ClCompile Include="E:\MASTER\Asignaturas\Segundo_Semestre\Rendering_Avanzado_I\Nori\nori-master\src\block.cpp">
      <Filter>Source Files</Filter>
    </ClCompile>
    <ClCompile Include="E:\MASTER\Asignaturas\Segundo_Semestre\Rendering_Avanzado_I\Nori\nori-master\src\accel.cpp">
      <Filter>Source Files</Filter>
    </ClCompile>
    <ClCompile Include="E:\MASTER\Asignaturas\Segundo_Semestre\Rendering_Avanzado_I\Nori\nori-master\src\chi2test.cpp">
      <Filter>Source Files</Filter>
    </ClCompile>
    <ClCompile Include="E:\MASTER\Asignaturas\Segundo_Semestre\Rendering_Avanzado_I\Nori\nori-master\src\common.cpp">
      <Filter>Source Files</Filter>
    </ClCompile>
    <ClCompile Include="E:\MASTER\Asignaturas\Segundo_Semestre\Rendering_Avanzado_I\Nori\nori-master\src\diffuse.cpp">
      <Filter>Source Files</Filter>
    </ClCompile>
    <ClCompile Include="E:\MASTER\Asignaturas\Segundo_Semestre\Rendering_Avanzado_I\Nori\nori-master\src\gui.cpp">
      <Filter>Source Files</Filter>
    </ClCompile>
    <ClCompile Include="E:\MASTER\Asignaturas\Segundo_Semestre\Rendering_Avanzado_I\Nori\nori-master\src\independent.cpp">
      <Filter>Source Files</Filter>
    </ClCompile>
    <ClCompile Include="E:\MASTER\Asignaturas\Segundo_Semestre\Rendering_Avanzado_I\Nori\nori-master\src\main.cpp">
      <Filter>Source Files</Filter>
    </ClCompile>
    <ClCompile Include="E:\MASTER\Asignaturas\Segundo_Semestre\Rendering_Avanzado_I\Nori\nori-master\src\mesh.cpp">
      <Filter>Source Files</Filter>
    </ClCompile>
    <ClCompile Include="E:\MASTER\Asignaturas\Segundo_Semestre\Rendering_Avanzado_I\Nori\nori-master\src\obj.cpp">
      <Filter>Source Files</Filter>
    </ClCompile>
    <ClCompile Include="E:\MASTER\Asignaturas\Segundo_Semestre\Rendering_Avanzado_I\Nori\nori-master\src\object.cpp">
      <Filter>Source Files</Filter>
    </ClCompile>
    <ClCompile Include="E:\MASTER\Asignaturas\Segundo_Semestre\Rendering_Avanzado_I\Nori\nori-master\src\parser.cpp">
      <Filter>Source Files</Filter>
    </ClCompile>
    <ClCompile Include="E:\MASTER\Asignaturas\Segundo_Semestre\Rendering_Avanzado_I\Nori\nori-master\src\perspective.cpp">
      <Filter>Source Files</Filter>
    </ClCompile>
    <ClCompile Include="E:\MASTER\Asignaturas\Segundo_Semestre\Rendering_Avanzado_I\Nori\nori-master\src\proplist.cpp">
      <Filter>Source Files</Filter>
    </ClCompile>
    <ClCompile Include="E:\MASTER\Asignaturas\Segundo_Semestre\Rendering_Avanzado_I\Nori\nori-master\src\rfilter.cpp">
      <Filter>Source Files</Filter>
    </ClCompile>
    <ClCompile Include="E:\MASTER\Asignaturas\Segundo_Semestre\Rendering_Avanzado_I\Nori\nori-master\src\scene.cpp">
      <Filter>Source Files</Filter>
    </ClCompile>
    <ClCompile Include="E:\MASTER\Asignaturas\Segundo_Semestre\Rendering_Avanzado_I\Nori\nori-master\src\ttest.cpp">
      <Filter>Source Files</Filter>
    </ClCompile>
    <ClCompile Include="E:\MASTER\Asignaturas\Segundo_Semestre\Rendering_Avanzado_I\Nori\nori-master\src\warp.cpp">
      <Filter>Source Files</Filter>
    </ClCompile>
    <ClCompile Include="E:\MASTER\Asignaturas\Segundo_Semestre\Rendering_Avanzado_I\Nori\nori-master\src\microfacet.cpp">
      <Filter>Source Files</Filter>
    </ClCompile>
    <ClCompile Include="E:\MASTER\Asignaturas\Segundo_Semestre\Rendering_Avanzado_I\Nori\nori-master\src\mirror.cpp">
      <Filter>Source Files</Filter>
    </ClCompile>
    <ClCompile Include="E:\MASTER\Asignaturas\Segundo_Semestre\Rendering_Avanzado_I\Nori\nori-master\src\dielectric.cpp">
      <Filter>Source Files</Filter>
    </ClCompile>
    <ClCompile Include="E:\MASTER\Asignaturas\Segundo_Semestre\Rendering_Avanzado_I\Nori\nori-master\src\normals.cpp">
      <Filter>Source Files</Filter>
    </ClCompile>
    <ClCompile Include="E:\MASTER\Asignaturas\Segundo_Semestre\Rendering_Avanzado_I\Nori\nori-master\src\direct.cpp">
      <Filter>Source Files</Filter>
    </ClCompile>
    <ClCompile Include="E:\MASTER\Asignaturas\Segundo_Semestre\Rendering_Avanzado_I\Nori\nori-master\src\area.cpp">
      <Filter>Source Files</Filter>
    </ClCompile>
    <ClCompile Include="..\nori-master\src\path.cpp">
      <Filter>Source Files</Filter>
    </ClCompile>
    <ClCompile Include="..\nori-master\src\path_nee.cpp">
      <Filter>Source Files</Filter>
    </ClCompile>
  </ItemGroup>
  <ItemGroup>
    <ClInclude Include="E:\MASTER\Asignaturas\Segundo_Semestre\Rendering_Avanzado_I\Nori\nori-master\include\nori\bbox.h">
      <Filter>Header Files</Filter>
    </ClInclude>
    <ClInclude Include="E:\MASTER\Asignaturas\Segundo_Semestre\Rendering_Avanzado_I\Nori\nori-master\include\nori\bitmap.h">
      <Filter>Header Files</Filter>
    </ClInclude>
    <ClInclude Include="E:\MASTER\Asignaturas\Segundo_Semestre\Rendering_Avanzado_I\Nori\nori-master\include\nori\block.h">
      <Filter>Header Files</Filter>
    </ClInclude>
    <ClInclude Include="E:\MASTER\Asignaturas\Segundo_Semestre\Rendering_Avanzado_I\Nori\nori-master\include\nori\bsdf.h">
      <Filter>Header Files</Filter>
    </ClInclude>
    <ClInclude Include="E:\MASTER\Asignaturas\Segundo_Semestre\Rendering_Avanzado_I\Nori\nori-master\include\nori\accel.h">
      <Filter>Header Files</Filter>
    </ClInclude>
    <ClInclude Include="E:\MASTER\Asignaturas\Segundo_Semestre\Rendering_Avanzado_I\Nori\nori-master\include\nori\camera.h">
      <Filter>Header Files</Filter>
    </ClInclude>
    <ClInclude Include="E:\MASTER\Asignaturas\Segundo_Semestre\Rendering_Avanzado_I\Nori\nori-master\include\nori\color.h">
      <Filter>Header Files</Filter>
    </ClInclude>
    <ClInclude Include="E:\MASTER\Asignaturas\Segundo_Semestre\Rendering_Avanzado_I\Nori\nori-master\include\nori\common.h">
      <Filter>Header Files</Filter>
    </ClInclude>
    <ClInclude Include="E:\MASTER\Asignaturas\Segundo_Semestre\Rendering_Avanzado_I\Nori\nori-master\include\nori\dpdf.h">
      <Filter>Header Files</Filter>
    </ClInclude>
    <ClInclude Include="E:\MASTER\Asignaturas\Segundo_Semestre\Rendering_Avanzado_I\Nori\nori-master\include\nori\frame.h">
      <Filter>Header Files</Filter>
    </ClInclude>
    <ClInclude Include="E:\MASTER\Asignaturas\Segundo_Semestre\Rendering_Avanzado_I\Nori\nori-master\include\nori\integrator.h">
      <Filter>Header Files</Filter>
    </ClInclude>
    <ClInclude Include="E:\MASTER\Asignaturas\Segundo_Semestre\Rendering_Avanzado_I\Nori\nori-master\include\nori\emitter.h">
      <Filter>Header Files</Filter>
    </ClInclude>
    <ClInclude Include="E:\MASTER\Asignaturas\Segundo_Semestre\Rendering_Avanzado_I\Nori\nori-master\include\nori\mesh.h">
      <Filter>Header Files</Filter>
    </ClInclude>
    <ClInclude Include="E:\MASTER\Asignaturas\Segundo_Semestre\Rendering_Avanzado_I\Nori\nori-master\include\nori\object.h">
      <Filter>Header Files</Filter>
    </ClInclude>
    <ClInclude Include="E:\MASTER\Asignaturas\Segundo_Semestre\Rendering_Avanzado_I\Nori\nori-master\include\nori\parser.h">
      <Filter>Header Files</Filter>
    </ClInclude>
    <ClInclude Include="E:\MASTER\Asignaturas\Segundo_Semestre\Rendering_Avanzado_I\Nori\nori-master\include\nori\proplist.h">
      <Filter>Header Files</Filter>
    </ClInclude>
    <ClInclude Include="E:\MASTER\Asignaturas\Segundo_Semestre\Rendering_Avanzado_I\Nori\nori-master\include\nori\ray.h">
      <Filter>Header Files</Filter>
    </ClInclude>
    <ClInclude Include="E:\MASTER\Asignaturas\Segundo_Semestre\Rendering_Avanzado_I\Nori\nori-master\include\nori\rfilter.h">
      <Filter>Header Files</Filter>
    </ClInclude>
    <ClInclude Include="E:\MASTER\Asignaturas\Segundo_Semestre\Rendering_Avanzado_I\Nori\nori-master\include\nori\sampler.h">
      <Filter>Header Files</Filter>
    </ClInclude>
    <ClInclude Include="E:\MASTER\Asignaturas\Segundo_Semestre\Rendering_Avanzado_I\Nori\nori-master\include\nori\scene.h">
      <Filter>Header Files</Filter>
    </ClInclude>
    <ClInclude Include="E:\MASTER\Asignaturas\Segundo_Semestre\Rendering_Avanzado_I\Nori\nori-master\include\nori\timer.h">
      <Filter>Header Files</Filter>
    </ClInclude>
    <ClInclude Include="E:\MASTER\Asignaturas\Segundo_Semestre\Rendering_Avanzado_I\Nori\nori-master\include\nori\transform.h">
      <Filter>Header Files</Filter>
    </ClInclude>
    <ClInclude Include="E:\MASTER\Asignaturas\Segundo_Semestre\Rendering_Avanzado_I\Nori\nori-master\include\nori\vector.h">
      <Filter>Header Files</Filter>
    </ClInclude>
    <ClInclude Include="E:\MASTER\Asignaturas\Segundo_Semestre\Rendering_Avanzado_I\Nori\nori-master\include\nori\warp.h">
      <Filter>Header Files</Filter>
    </ClInclude>
    <ClInclude Include="..\nori-master\include\nori\area.h">
      <Filter>Header Files</Filter>
    </ClInclude>
  </ItemGroup>
  <ItemGroup>
    <CustomBuild Include="E:\MASTER\Asignaturas\Segundo_Semestre\Rendering_Avanzado_I\Nori\nori-master\CMakeLists.txt" />
  </ItemGroup>
  <ItemGroup>
    <Filter Include="Header Files">
      <UniqueIdentifier>{5FDADDC3-1FF8-39D0-82A7-E2B6D3E3A4D3}</UniqueIdentifier>
    </Filter>
    <Filter Include="Source Files">
      <UniqueIdentifier>{E8F138C4-5C7D-3124-9040-3BFEB9CDDAEC}</UniqueIdentifier>
    </Filter>
  </ItemGroup>
</Project>