
Microsoft Visual Studio Solution File, Format Version 12.00
# Visual Studio Version 17
Project("{2150E333-8FDC-42A3-9474-1A3956D46DE8}") = "CMakePredefinedTargets", "CMakePredefinedTargets", "{00E40268-3405-327C-AE85-1F6994CF1129}"
EndProject
Project("{2150E333-8FDC-42A3-9474-1A3956D46DE8}") = "dependencies", "dependencies", "{9752FCB1-E6D0-38A7-8E9A-1DFEAFB02450}"
EndProject
Project("{8BC9CEB8-8B4A-11D0-8D11-00A0C91BC942}") = "ALL_BUILD", "ALL_BUILD.vcxproj", "{D36F2FDD-9E06-3B4A-8816-F2143F3005AC}"
	ProjectSection(ProjectDependencies) = postProject
		{33EA2FB2-660E-3A99-83D4-9A83D8A0C0D9} = {33EA2FB2-660E-3A99-83D4-9A83D8A0C0D9}
		{6675B916-0C07-3543-B7CA-BA61D2FFEC21} = {6675B916-0C07-3543-B7CA-BA61D2FFEC21}
		{9B863CB8-F327-3723-84B4-54AA9E71F972} = {9B863CB8-F327-3723-84B4-54AA9E71F972}
		{615A5ABE-BF2B-3017-8831-D60013AB6C6B} = {615A5ABE-BF2B-3017-8831-D60013AB6C6B}
	EndProjectSection
EndProject
Project("{8BC9CEB8-8B4A-11D0-8D11-00A0C91BC942}") = "INSTALL", "INSTALL.vcxproj", "{2198E3BF-D2EA-3952-8435-2F852DC5EF41}"
	ProjectSection(ProjectDependencies) = postProject
		{D36F2FDD-9E06-3B4A-8816-F2143F3005AC} = {D36F2FDD-9E06-3B4A-8816-F2143F3005AC}
		{33EA2FB2-660E-3A99-83D4-9A83D8A0C0D9} = {33EA2FB2-660E-3A99-83D4-9A83D8A0C0D9}
	EndProjectSection
EndProject
Project("{8BC9CEB8-8B4A-11D0-8D11-00A0C91BC942}") = "PACKAGE", "PACKAGE.vcxproj", "{B56DFFC0-A221-390D-AC38-865614418DA6}"
	ProjectSection(ProjectDependencies) = postProject
		{D36F2FDD-9E06-3B4A-8816-F2143F3005AC} = {D36F2FDD-9E06-3B4A-8816-F2143F3005AC}
		{33EA2FB2-660E-3A99-83D4-9A83D8A0C0D9} = {33EA2FB2-660E-3A99-83D4-9A83D8A0C0D9}
	EndProjectSection
EndProject
Project("{8BC9CEB8-8B4A-11D0-8D11-00A0C91BC942}") = "ZERO_CHECK", "..\..\\ZERO_CHECK.vcxproj", "{33EA2FB2-660E-3A99-83D4-9A83D8A0C0D9}"
	ProjectSection(ProjectDependencies) = postProject
	EndProjectSection
EndProject
Project("{8BC9CEB8-8B4A-11D0-8D11-00A0C91BC942}") = "glfw", "ext_build\glfw\src\glfw.vcxproj", "{41AC49A9-1012-3CB1-A6E4-D521E64F1F2B}"
	ProjectSection(ProjectDependencies) = postProject
		{33EA2FB2-660E-3A99-83D4-9A83D8A0C0D9} = {33EA2FB2-660E-3A99-83D4-9A83D8A0C0D9}
		{6675B916-0C07-3543-B7CA-BA61D2FFEC21} = {6675B916-0C07-3543-B7CA-BA61D2FFEC21}
	EndProjectSection
EndProject
Project("{8BC9CEB8-8B4A-11D0-8D11-00A0C91BC942}") = "glfw_objects", "ext_build\glfw\src\glfw_objects.vcxproj", "{6675B916-0C07-3543-B7CA-BA61D2FFEC21}"
	ProjectSection(ProjectDependencies) = postProject
		{33EA2FB2-660E-3A99-83D4-9A83D8A0C0D9} = {33EA2FB2-660E-3A99-83D4-9A83D8A0C0D9}
	EndProjectSection
EndProject
Project("{8BC9CEB8-8B4A-11D0-8D11-00A0C91BC942}") = "nanogui", "nanogui.vcxproj", "{9B863CB8-F327-3723-84B4-54AA9E71F972}"
	ProjectSection(ProjectDependencies) = postProject
		{33EA2FB2-660E-3A99-83D4-9A83D8A0C0D9} = {33EA2FB2-660E-3A99-83D4-9A83D8A0C0D9}
		{6675B916-0C07-3543-B7CA-BA61D2FFEC21} = {6675B916-0C07-3543-B7CA-BA61D2FFEC21}
		{615A5ABE-BF2B-3017-8831-D60013AB6C6B} = {615A5ABE-BF2B-3017-8831-D60013AB6C6B}
	EndProjectSection
EndProject
Project("{8BC9CEB8-8B4A-11D0-8D11-00A0C91BC942}") = "nanogui-obj", "nanogui-obj.vcxproj", "{615A5ABE-BF2B-3017-8831-D60013AB6C6B}"
	ProjectSection(ProjectDependencies) = postProject
		{33EA2FB2-660E-3A99-83D4-9A83D8A0C0D9} = {33EA2FB2-660E-3A99-83D4-9A83D8A0C0D9}
	EndProjectSection
EndProject
Global
	GlobalSection(SolutionConfigurationPlatforms) = preSolution
		Debug|x64 = Debug|x64
		Release|x64 = Release|x64
		MinSizeRel|x64 = MinSizeRel|x64
		RelWithDebInfo|x64 = RelWithDebInfo|x64
	EndGlobalSection
	GlobalSection(ProjectConfigurationPlatforms) = postSolution
		{D36F2FDD-9E06-3B4A-8816-F2143F3005AC}.Debug|x64.ActiveCfg = Debug|x64
		{D36F2FDD-9E06-3B4A-8816-F2143F3005AC}.Debug|x64.Build.0 = Debug|x64
		{D36F2FDD-9E06-3B4A-8816-F2143F3005AC}.Release|x64.ActiveCfg = Release|x64
		{D36F2FDD-9E06-3B4A-8816-F2143F3005AC}.Release|x64.Build.0 = Release|x64
		{D36F2FDD-9E06-3B4A-8816-F2143F3005AC}.MinSizeRel|x64.ActiveCfg = MinSizeRel|x64
		{D36F2FDD-9E06-3B4A-8816-F2143F3005AC}.MinSizeRel|x64.Build.0 = MinSizeRel|x64
		{D36F2FDD-9E06-3B4A-8816-F2143F3005AC}.RelWithDebInfo|x64.ActiveCfg = RelWithDebInfo|x64
		{D36F2FDD-9E06-3B4A-8816-F2143F3005AC}.RelWithDebInfo|x64.Build.0 = RelWithDebInfo|x64
		{2198E3BF-D2EA-3952-8435-2F852DC5EF41}.Debug|x64.ActiveCfg = Debug|x64
		{2198E3BF-D2EA-3952-8435-2F852DC5EF41}.Release|x64.ActiveCfg = Release|x64
		{2198E3BF-D2EA-3952-8435-2F852DC5EF41}.MinSizeRel|x64.ActiveCfg = MinSizeRel|x64
		{2198E3BF-D2EA-3952-8435-2F852DC5EF41}.RelWithDebInfo|x64.ActiveCfg = RelWithDebInfo|x64
		{B56DFFC0-A221-390D-AC38-865614418DA6}.Debug|x64.ActiveCfg = Debug|x64
		{B56DFFC0-A221-390D-AC38-865614418DA6}.Release|x64.ActiveCfg = Release|x64
		{B56DFFC0-A221-390D-AC38-865614418DA6}.MinSizeRel|x64.ActiveCfg = MinSizeRel|x64
		{B56DFFC0-A221-390D-AC38-865614418DA6}.RelWithDebInfo|x64.ActiveCfg = RelWithDebInfo|x64
		{33EA2FB2-660E-3A99-83D4-9A83D8A0C0D9}.Debug|x64.ActiveCfg = Debug|x64
		{33EA2FB2-660E-3A99-83D4-9A83D8A0C0D9}.Debug|x64.Build.0 = Debug|x64
		{33EA2FB2-660E-3A99-83D4-9A83D8A0C0D9}.Release|x64.ActiveCfg = Release|x64
		{33EA2FB2-660E-3A99-83D4-9A83D8A0C0D9}.Release|x64.Build.0 = Release|x64
		{33EA2FB2-660E-3A99-83D4-9A83D8A0C0D9}.MinSizeRel|x64.ActiveCfg = MinSizeRel|x64
		{33EA2FB2-660E-3A99-83D4-9A83D8A0C0D9}.MinSizeRel|x64.Build.0 = MinSizeRel|x64
		{33EA2FB2-660E-3A99-83D4-9A83D8A0C0D9}.RelWithDebInfo|x64.ActiveCfg = RelWithDebInfo|x64
		{33EA2FB2-660E-3A99-83D4-9A83D8A0C0D9}.RelWithDebInfo|x64.Build.0 = RelWithDebInfo|x64
		{41AC49A9-1012-3CB1-A6E4-D521E64F1F2B}.Debug|x64.ActiveCfg = Debug|x64
		{41AC49A9-1012-3CB1-A6E4-D521E64F1F2B}.Release|x64.ActiveCfg = Release|x64
		{41AC49A9-1012-3CB1-A6E4-D521E64F1F2B}.MinSizeRel|x64.ActiveCfg = MinSizeRel|x64
		{41AC49A9-1012-3CB1-A6E4-D521E64F1F2B}.RelWithDebInfo|x64.ActiveCfg = RelWithDebInfo|x64
		{6675B916-0C07-3543-B7CA-BA61D2FFEC21}.Debug|x64.ActiveCfg = Debug|x64
		{6675B916-0C07-3543-B7CA-BA61D2FFEC21}.Debug|x64.Build.0 = Debug|x64
		{6675B916-0C07-3543-B7CA-BA61D2FFEC21}.Release|x64.ActiveCfg = Release|x64
		{6675B916-0C07-3543-B7CA-BA61D2FFEC21}.Release|x64.Build.0 = Release|x64
		{6675B916-0C07-3543-B7CA-BA61D2FFEC21}.MinSizeRel|x64.ActiveCfg = MinSizeRel|x64
		{6675B916-0C07-3543-B7CA-BA61D2FFEC21}.MinSizeRel|x64.Build.0 = MinSizeRel|x64
		{6675B916-0C07-3543-B7CA-BA61D2FFEC21}.RelWithDebInfo|x64.ActiveCfg = RelWithDebInfo|x64
		{6675B916-0C07-3543-B7CA-BA61D2FFEC21}.RelWithDebInfo|x64.Build.0 = RelWithDebInfo|x64
		{9B863CB8-F327-3723-84B4-54AA9E71F972}.Debug|x64.ActiveCfg = Debug|x64
		{9B863CB8-F327-3723-84B4-54AA9E71F972}.Debug|x64.Build.0 = Debug|x64
		{9B863CB8-F327-3723-84B4-54AA9E71F972}.Release|x64.ActiveCfg = Release|x64
		{9B863CB8-F327-3723-84B4-54AA9E71F972}.Release|x64.Build.0 = Release|x64
		{9B863CB8-F327-3723-84B4-54AA9E71F972}.MinSizeRel|x64.ActiveCfg = MinSizeRel|x64
		{9B863CB8-F327-3723-84B4-54AA9E71F972}.MinSizeRel|x64.Build.0 = MinSizeRel|x64
		{9B863CB8-F327-3723-84B4-54AA9E71F972}.RelWithDebInfo|x64.ActiveCfg = RelWithDebInfo|x64
		{9B863CB8-F327-3723-84B4-54AA9E71F972}.RelWithDebInfo|x64.Build.0 = RelWithDebInfo|x64
		{615A5ABE-BF2B-3017-8831-D60013AB6C6B}.Debug|x64.ActiveCfg = Debug|x64
		{615A5ABE-BF2B-3017-8831-D60013AB6C6B}.Debug|x64.Build.0 = Debug|x64
		{615A5ABE-BF2B-3017-8831-D60013AB6C6B}.Release|x64.ActiveCfg = Release|x64
		{615A5ABE-BF2B-3017-8831-D60013AB6C6B}.Release|x64.Build.0 = Release|x64
		{615A5ABE-BF2B-3017-8831-D60013AB6C6B}.MinSizeRel|x64.ActiveCfg = MinSizeRel|x64
		{615A5ABE-BF2B-3017-8831-D60013AB6C6B}.MinSizeRel|x64.Build.0 = MinSizeRel|x64
		{615A5ABE-BF2B-3017-8831-D60013AB6C6B}.RelWithDebInfo|x64.ActiveCfg = RelWithDebInfo|x64
		{615A5ABE-BF2B-3017-8831-D60013AB6C6B}.RelWithDebInfo|x64.Build.0 = RelWithDebInfo|x64
	EndGlobalSection
	GlobalSection(NestedProjects) = preSolution
		{D36F2FDD-9E06-3B4A-8816-F2143F3005AC} = {00E40268-3405-327C-AE85-1F6994CF1129}
		{2198E3BF-D2EA-3952-8435-2F852DC5EF41} = {00E40268-3405-327C-AE85-1F6994CF1129}
		{B56DFFC0-A221-390D-AC38-865614418DA6} = {00E40268-3405-327C-AE85-1F6994CF1129}
		{33EA2FB2-660E-3A99-83D4-9A83D8A0C0D9} = {00E40268-3405-327C-AE85-1F6994CF1129}
		{41AC49A9-1012-3CB1-A6E4-D521E64F1F2B} = {9752FCB1-E6D0-38A7-8E9A-1DFEAFB02450}
		{6675B916-0C07-3543-B7CA-BA61D2FFEC21} = {9752FCB1-E6D0-38A7-8E9A-1DFEAFB02450}
		{9B863CB8-F327-3723-84B4-54AA9E71F972} = {9752FCB1-E6D0-38A7-8E9A-1DFEAFB02450}
		{615A5ABE-BF2B-3017-8831-D60013AB6C6B} = {9752FCB1-E6D0-38A7-8E9A-1DFEAFB02450}
	EndGlobalSection
	GlobalSection(ExtensibilityGlobals) = postSolution
		SolutionGuid = {527BF8C7-34B3-3E77-A4EF-0887C1AC0C26}
	EndGlobalSection
	GlobalSection(ExtensibilityAddIns) = postSolution
	EndGlobalSection
EndGlobal
