
Microsoft Visual Studio Solution File, Format Version 12.00
# Visual Studio Version 17
Project("{2150E333-8FDC-42A3-9474-1A3956D46DE8}") = "CMakePredefinedTargets", "CMakePredefinedTargets", "{AA9AA921-659F-364A-B070-9FC78ECC1D35}"
EndProject
Project("{2150E333-8FDC-42A3-9474-1A3956D46DE8}") = "dependencies", "dependencies", "{44107292-EA8B-3699-8869-E080DDACF4C4}"
EndProject
Project("{8BC9CEB8-8B4A-11D0-8D11-00A0C91BC942}") = "ALL_BUILD", "ALL_BUILD.vcxproj", "{D0707071-9019-3475-9471-C3A37F6348DB}"
	ProjectSection(ProjectDependencies) = postProject
		{35E535FD-1CE8-3088-BB40-0E2CBC18FB86} = {35E535FD-1CE8-3088-BB40-0E2CBC18FB86}
		{7C91EF3F-9BA8-3101-ACED-5AE41EFE2CDF} = {7C91EF3F-9BA8-3101-ACED-5AE41EFE2CDF}
	EndProjectSection
EndProject
Project("{8BC9CEB8-8B4A-11D0-8D11-00A0C91BC942}") = "INSTALL", "INSTALL.vcxproj", "{7A4505DE-F448-3939-8237-FBED3C5FDFCB}"
	ProjectSection(ProjectDependencies) = postProject
		{D0707071-9019-3475-9471-C3A37F6348DB} = {D0707071-9019-3475-9471-C3A37F6348DB}
		{35E535FD-1CE8-3088-BB40-0E2CBC18FB86} = {35E535FD-1CE8-3088-BB40-0E2CBC18FB86}
	EndProjectSection
EndProject
Project("{8BC9CEB8-8B4A-11D0-8D11-00A0C91BC942}") = "PACKAGE", "PACKAGE.vcxproj", "{712C0BD5-60A3-3355-AF10-4463F07812FB}"
	ProjectSection(ProjectDependencies) = postProject
		{D0707071-9019-3475-9471-C3A37F6348DB} = {D0707071-9019-3475-9471-C3A37F6348DB}
		{35E535FD-1CE8-3088-BB40-0E2CBC18FB86} = {35E535FD-1CE8-3088-BB40-0E2CBC18FB86}
	EndProjectSection
EndProject
Project("{8BC9CEB8-8B4A-11D0-8D11-00A0C91BC942}") = "ZERO_CHECK", "..\..\\ZERO_CHECK.vcxproj", "{35E535FD-1CE8-3088-BB40-0E2CBC18FB86}"
	ProjectSection(ProjectDependencies) = postProject
	EndProjectSection
EndProject
Project("{8BC9CEB8-8B4A-11D0-8D11-00A0C91BC942}") = "zlibstatic", "zlibstatic.vcxproj", "{7C91EF3F-9BA8-3101-ACED-5AE41EFE2CDF}"
	ProjectSection(ProjectDependencies) = postProject
		{35E535FD-1CE8-3088-BB40-0E2CBC18FB86} = {35E535FD-1CE8-3088-BB40-0E2CBC18FB86}
	EndProjectSection
EndProject
Global
	GlobalSection(SolutionConfigurationPlatforms) = preSolution
		Debug|x64 = Debug|x64
		Release|x64 = Release|x64
		MinSizeRel|x64 = MinSizeRel|x64
		RelWithDebInfo|x64 = RelWithDebInfo|x64
	EndGlobalSection
	GlobalSection(ProjectConfigurationPlatforms) = postSolution
		{D0707071-9019-3475-9471-C3A37F6348DB}.Debug|x64.ActiveCfg = Debug|x64
		{D0707071-9019-3475-9471-C3A37F6348DB}.Debug|x64.Build.0 = Debug|x64
		{D0707071-9019-3475-9471-C3A37F6348DB}.Release|x64.ActiveCfg = Release|x64
		{D0707071-9019-3475-9471-C3A37F6348DB}.Release|x64.Build.0 = Release|x64
		{D0707071-9019-3475-9471-C3A37F6348DB}.MinSizeRel|x64.ActiveCfg = MinSizeRel|x64
		{D0707071-9019-3475-9471-C3A37F6348DB}.MinSizeRel|x64.Build.0 = MinSizeRel|x64
		{D0707071-9019-3475-9471-C3A37F6348DB}.RelWithDebInfo|x64.ActiveCfg = RelWithDebInfo|x64
		{D0707071-9019-3475-9471-C3A37F6348DB}.RelWithDebInfo|x64.Build.0 = RelWithDebInfo|x64
		{7A4505DE-F448-3939-8237-FBED3C5FDFCB}.Debug|x64.ActiveCfg = Debug|x64
		{7A4505DE-F448-3939-8237-FBED3C5FDFCB}.Release|x64.ActiveCfg = Release|x64
		{7A4505DE-F448-3939-8237-FBED3C5FDFCB}.MinSizeRel|x64.ActiveCfg = MinSizeRel|x64
		{7A4505DE-F448-3939-8237-FBED3C5FDFCB}.RelWithDebInfo|x64.ActiveCfg = RelWithDebInfo|x64
		{712C0BD5-60A3-3355-AF10-4463F07812FB}.Debug|x64.ActiveCfg = Debug|x64
		{712C0BD5-60A3-3355-AF10-4463F07812FB}.Release|x64.ActiveCfg = Release|x64
		{712C0BD5-60A3-3355-AF10-4463F07812FB}.MinSizeRel|x64.ActiveCfg = MinSizeRel|x64
		{712C0BD5-60A3-3355-AF10-4463F07812FB}.RelWithDebInfo|x64.ActiveCfg = RelWithDebInfo|x64
		{35E535FD-1CE8-3088-BB40-0E2CBC18FB86}.Debug|x64.ActiveCfg = Debug|x64
		{35E535FD-1CE8-3088-BB40-0E2CBC18FB86}.Debug|x64.Build.0 = Debug|x64
		{35E535FD-1CE8-3088-BB40-0E2CBC18FB86}.Release|x64.ActiveCfg = Release|x64
		{35E535FD-1CE8-3088-BB40-0E2CBC18FB86}.Release|x64.Build.0 = Release|x64
		{35E535FD-1CE8-3088-BB40-0E2CBC18FB86}.MinSizeRel|x64.ActiveCfg = MinSizeRel|x64
		{35E535FD-1CE8-3088-BB40-0E2CBC18FB86}.MinSizeRel|x64.Build.0 = MinSizeRel|x64
		{35E535FD-1CE8-3088-BB40-0E2CBC18FB86}.RelWithDebInfo|x64.ActiveCfg = RelWithDebInfo|x64
		{35E535FD-1CE8-3088-BB40-0E2CBC18FB86}.RelWithDebInfo|x64.Build.0 = RelWithDebInfo|x64
		{7C91EF3F-9BA8-3101-ACED-5AE41EFE2CDF}.Debug|x64.ActiveCfg = Debug|x64
		{7C91EF3F-9BA8-3101-ACED-5AE41EFE2CDF}.Debug|x64.Build.0 = Debug|x64
		{7C91EF3F-9BA8-3101-ACED-5AE41EFE2CDF}.Release|x64.ActiveCfg = Release|x64
		{7C91EF3F-9BA8-3101-ACED-5AE41EFE2CDF}.Release|x64.Build.0 = Release|x64
		{7C91EF3F-9BA8-3101-ACED-5AE41EFE2CDF}.MinSizeRel|x64.ActiveCfg = MinSizeRel|x64
		{7C91EF3F-9BA8-3101-ACED-5AE41EFE2CDF}.MinSizeRel|x64.Build.0 = MinSizeRel|x64
		{7C91EF3F-9BA8-3101-ACED-5AE41EFE2CDF}.RelWithDebInfo|x64.ActiveCfg = RelWithDebInfo|x64
		{7C91EF3F-9BA8-3101-ACED-5AE41EFE2CDF}.RelWithDebInfo|x64.Build.0 = RelWithDebInfo|x64
	EndGlobalSection
	GlobalSection(NestedProjects) = preSolution
		{D0707071-9019-3475-9471-C3A37F6348DB} = {AA9AA921-659F-364A-B070-9FC78ECC1D35}
		{7A4505DE-F448-3939-8237-FBED3C5FDFCB} = {AA9AA921-659F-364A-B070-9FC78ECC1D35}
		{712C0BD5-60A3-3355-AF10-4463F07812FB} = {AA9AA921-659F-364A-B070-9FC78ECC1D35}
		{35E535FD-1CE8-3088-BB40-0E2CBC18FB86} = {AA9AA921-659F-364A-B070-9FC78ECC1D35}
		{7C91EF3F-9BA8-3101-ACED-5AE41EFE2CDF} = {44107292-EA8B-3699-8869-E080DDACF4C4}
	EndGlobalSection
	GlobalSection(ExtensibilityGlobals) = postSolution
		SolutionGuid = {CB107BC3-8EFB-30AA-AAC0-34F3D21A39B1}
	EndGlobalSection
	GlobalSection(ExtensibilityAddIns) = postSolution
	EndGlobalSection
EndGlobal
